// !$*UTF8*$!
{
	archiveVersion = 1;
	classes = {
	};
	objectVersion = 46;
	objects = {

/* Begin PBXBuildFile section */
		4B16F0A218E4683F0050AB6F /* iplbBaseRepository.m in Sources */ = {isa = PBXBuildFile; fileRef = 4B16F0A118E4683F0050AB6F /* iplbBaseRepository.m */; };
		4B16F0A518E475AC0050AB6F /* iplbProjectCategoryRepository.m in Sources */ = {isa = PBXBuildFile; fileRef = 4B16F0A418E475AC0050AB6F /* iplbProjectCategoryRepository.m */; };
		4B16F0A818E4770E0050AB6F /* iplbProjectCategory.m in Sources */ = {isa = PBXBuildFile; fileRef = 4B16F0A718E4770E0050AB6F /* iplbProjectCategory.m */; };
		4B16F0AA18E47EEE0050AB6F /* SDWebImage.framework in Frameworks */ = {isa = PBXBuildFile; fileRef = 4B16F0A918E47EEE0050AB6F /* SDWebImage.framework */; };
		4B16F0AC18E47F840050AB6F /* ImageIO.framework in Frameworks */ = {isa = PBXBuildFile; fileRef = 4B16F0AB18E47F840050AB6F /* ImageIO.framework */; };
		4B256AF818E3C907003081E6 /* iplbOperationResult.m in Sources */ = {isa = PBXBuildFile; fileRef = 4B256AF718E3C907003081E6 /* iplbOperationResult.m */; };
		4B2A980219527F2C0093ADE4 /* iplbLabelFilterTableViewController.m in Sources */ = {isa = PBXBuildFile; fileRef = 4B2A980119527F2C0093ADE4 /* iplbLabelFilterTableViewController.m */; };
		4B2A98051952831B0093ADE4 /* iplbiPadNewsListTableViewController.m in Sources */ = {isa = PBXBuildFile; fileRef = 4B2A98041952831B0093ADE4 /* iplbiPadNewsListTableViewController.m */; };
		4B2A98081952BBA20093ADE4 /* iplbProjectLabelRepository.m in Sources */ = {isa = PBXBuildFile; fileRef = 4B2A98071952BBA20093ADE4 /* iplbProjectLabelRepository.m */; };
		4B2A980B1952BBF80093ADE4 /* iplbProjectLabel.m in Sources */ = {isa = PBXBuildFile; fileRef = 4B2A980A1952BBF80093ADE4 /* iplbProjectLabel.m */; };
		4B2F84B81915DF0800815F32 /* iplbScreenshotDetailViewController.m in Sources */ = {isa = PBXBuildFile; fileRef = 4B2F84B71915DF0800815F32 /* iplbScreenshotDetailViewController.m */; };
		4B30721618D59EFC00A77771 /* Foundation.framework in Frameworks */ = {isa = PBXBuildFile; fileRef = 4B30721518D59EFC00A77771 /* Foundation.framework */; };
		4B30721818D59EFC00A77771 /* CoreGraphics.framework in Frameworks */ = {isa = PBXBuildFile; fileRef = 4B30721718D59EFC00A77771 /* CoreGraphics.framework */; };
		4B30721A18D59EFC00A77771 /* UIKit.framework in Frameworks */ = {isa = PBXBuildFile; fileRef = 4B30721918D59EFC00A77771 /* UIKit.framework */; };
		4B30722018D59EFC00A77771 /* InfoPlist.strings in Resources */ = {isa = PBXBuildFile; fileRef = 4B30721E18D59EFC00A77771 /* InfoPlist.strings */; };
		4B30722218D59EFC00A77771 /* main.m in Sources */ = {isa = PBXBuildFile; fileRef = 4B30722118D59EFC00A77771 /* main.m */; };
		4B30722618D59EFC00A77771 /* iplbAppDelegate.m in Sources */ = {isa = PBXBuildFile; fileRef = 4B30722518D59EFC00A77771 /* iplbAppDelegate.m */; };
		4B30722918D59EFC00A77771 /* Main_iPhone.storyboard in Resources */ = {isa = PBXBuildFile; fileRef = 4B30722718D59EFC00A77771 /* Main_iPhone.storyboard */; };
		4B30722E18D59EFC00A77771 /* Images.xcassets in Resources */ = {isa = PBXBuildFile; fileRef = 4B30722D18D59EFC00A77771 /* Images.xcassets */; };
		4B30723518D59EFC00A77771 /* XCTest.framework in Frameworks */ = {isa = PBXBuildFile; fileRef = 4B30723418D59EFC00A77771 /* XCTest.framework */; };
		4B30723618D59EFC00A77771 /* Foundation.framework in Frameworks */ = {isa = PBXBuildFile; fileRef = 4B30721518D59EFC00A77771 /* Foundation.framework */; };
		4B30723718D59EFC00A77771 /* UIKit.framework in Frameworks */ = {isa = PBXBuildFile; fileRef = 4B30721918D59EFC00A77771 /* UIKit.framework */; };
		4B30723F18D59EFC00A77771 /* InfoPlist.strings in Resources */ = {isa = PBXBuildFile; fileRef = 4B30723D18D59EFC00A77771 /* InfoPlist.strings */; };
		4B30724118D59EFC00A77771 /* InfoProjectLibBrowserTests.m in Sources */ = {isa = PBXBuildFile; fileRef = 4B30724018D59EFC00A77771 /* InfoProjectLibBrowserTests.m */; };
		4B3752ED18D749B500290BC5 /* iplbProjectDetailViewController.m in Sources */ = {isa = PBXBuildFile; fileRef = 4B3752EC18D749B500290BC5 /* iplbProjectDetailViewController.m */; };
		4B5FD3C618E6AAEE0075CF85 /* iplbUserPasswordModifyViewController.m in Sources */ = {isa = PBXBuildFile; fileRef = 4B5FD3C518E6AAEE0075CF85 /* iplbUserPasswordModifyViewController.m */; };
		4B7987EE1953DCE600EC5D2C /* iplbiPadProjectDetailViewController.m in Sources */ = {isa = PBXBuildFile; fileRef = 4B7987ED1953DCE600EC5D2C /* iplbiPadProjectDetailViewController.m */; };
		4B7CDC1218D5A07400D6E4B2 /* iplbProjectDetail.m in Sources */ = {isa = PBXBuildFile; fileRef = 4B7CDC1118D5A07400D6E4B2 /* iplbProjectDetail.m */; };
		4B7F29BC18EE4B51004C51B0 /* iplbProjectListTableCellTableViewCell.m in Sources */ = {isa = PBXBuildFile; fileRef = 4B7F29BB18EE4B51004C51B0 /* iplbProjectListTableCellTableViewCell.m */; };
		4B8208EF18E1CBE3009E4E0D /* Default@2x.png in Resources */ = {isa = PBXBuildFile; fileRef = 4B8208ED18E1CBE3009E4E0D /* Default@2x.png */; };
		4B8208F018E1CBE3009E4E0D /* Default-568h@2x.png in Resources */ = {isa = PBXBuildFile; fileRef = 4B8208EE18E1CBE3009E4E0D /* Default-568h@2x.png */; };
		4B89C2BC18DBC7B7009D4963 /* iplbNewsDetailViewController.m in Sources */ = {isa = PBXBuildFile; fileRef = 4B89C2BB18DBC7B7009D4963 /* iplbNewsDetailViewController.m */; };
		4B89C2BF18DBC952009D4963 /* iplbNews.m in Sources */ = {isa = PBXBuildFile; fileRef = 4B89C2BE18DBC952009D4963 /* iplbNews.m */; };
		4B89C2C218DBCEDF009D4963 /* iplbNewsRepository.m in Sources */ = {isa = PBXBuildFile; fileRef = 4B89C2C118DBCEDF009D4963 /* iplbNewsRepository.m */; };
		4B8AD21418DEC748008707BF /* iplbUserLoginViewController.m in Sources */ = {isa = PBXBuildFile; fileRef = 4B8AD21318DEC748008707BF /* iplbUserLoginViewController.m */; };
		4B9667D018D5A59400C94357 /* iplbProjectListViewController.m in Sources */ = {isa = PBXBuildFile; fileRef = 4B9667CF18D5A59400C94357 /* iplbProjectListViewController.m */; };
		4B96681718D5A62700C94357 /* iplbNewsListViewController.m in Sources */ = {isa = PBXBuildFile; fileRef = 4B96681618D5A62700C94357 /* iplbNewsListViewController.m */; };
		4B96681A18D5AB3F00C94357 /* news.png in Resources */ = {isa = PBXBuildFile; fileRef = 4B96681818D5AB3F00C94357 /* news.png */; };
		4B96681B18D5AB3F00C94357 /* projects.png in Resources */ = {isa = PBXBuildFile; fileRef = 4B96681918D5AB3F00C94357 /* projects.png */; };
		4B96682018D5D5DD00C94357 /* iplbProjectsRepository.m in Sources */ = {isa = PBXBuildFile; fileRef = 4B96681F18D5D5DD00C94357 /* iplbProjectsRepository.m */; };
		4B96682218D5E2D100C94357 /* config.plist in Resources */ = {isa = PBXBuildFile; fileRef = 4B96682118D5E2D100C94357 /* config.plist */; };
		4B96682818D5E3F000C94357 /* iplbConfiguration.m in Sources */ = {isa = PBXBuildFile; fileRef = 4B96682718D5E3F000C94357 /* iplbConfiguration.m */; };
		4B9A26B71932E53600319748 /* Main_iPad.storyboard in Resources */ = {isa = PBXBuildFile; fileRef = 4B9A26B61932E53600319748 /* Main_iPad.storyboard */; };
		4BA943EA195AD25600723FFB /* bc.plist in Resources */ = {isa = PBXBuildFile; fileRef = 4BA943E9195AD25600723FFB /* bc.plist */; };
		4BAD887318E2AFFC005983BA /* iplbUserService.m in Sources */ = {isa = PBXBuildFile; fileRef = 4BAD887218E2AFFC005983BA /* iplbUserService.m */; };
		4BAF6CF518DD884D0048BB66 /* iplbProjectCategoriesViewController.m in Sources */ = {isa = PBXBuildFile; fileRef = 4BAF6CF418DD884D0048BB66 /* iplbProjectCategoriesViewController.m */; };
		4BB1619118EDB917001F3018 /* UIImage+ImageScaleAndRoundConner.m in Sources */ = {isa = PBXBuildFile; fileRef = 4BB1619018EDB917001F3018 /* UIImage+ImageScaleAndRoundConner.m */; };
		4BB36950190B5C8700D41FD3 /* iCarousel.m in Sources */ = {isa = PBXBuildFile; fileRef = 4BB3694F190B5C8700D41FD3 /* iCarousel.m */; };
		4BB36953190B651F00D41FD3 /* iplbScreenshotsGalleryViewController.m in Sources */ = {isa = PBXBuildFile; fileRef = 4BB36952190B651F00D41FD3 /* iplbScreenshotsGalleryViewController.m */; };
		4BB36955190B66E400D41FD3 /* background.png in Resources */ = {isa = PBXBuildFile; fileRef = 4BB36954190B66E400D41FD3 /* background.png */; };
		4BB36958190B846600D41FD3 /* ReflectionView.m in Sources */ = {isa = PBXBuildFile; fileRef = 4BB36957190B846600D41FD3 /* ReflectionView.m */; };
		4BB566D818EC580B00DA2439 /* placeholder.png in Resources */ = {isa = PBXBuildFile; fileRef = 4BB566D718EC580B00DA2439 /* placeholder.png */; };
		4BB566DA18EC5A7400DA2439 /* screen_placeholder.png in Resources */ = {isa = PBXBuildFile; fileRef = 4BB566D918EC5A7400DA2439 /* screen_placeholder.png */; };
		4BBA286718F1A78300453DD5 /* refresh_pull.caf in Resources */ = {isa = PBXBuildFile; fileRef = 4BBA286518F1A78300453DD5 /* refresh_pull.caf */; };
		4BBA286818F1A78300453DD5 /* refresh_release.caf in Resources */ = {isa = PBXBuildFile; fileRef = 4BBA286618F1A78300453DD5 /* refresh_release.caf */; };
		4BBA286A18F1AAE400453DD5 /* AVFoundation.framework in Frameworks */ = {isa = PBXBuildFile; fileRef = 4BBA286918F1AAE400453DD5 /* AVFoundation.framework */; };
		4BD5CE1C18E40E2C00CD75D8 /* ASIAuthenticationDialog.m in Sources */ = {isa = PBXBuildFile; fileRef = 4BD5CE0518E40E2C00CD75D8 /* ASIAuthenticationDialog.m */; settings = {COMPILER_FLAGS = "-fno-objc-arc"; }; };
		4BD5CE1D18E40E2C00CD75D8 /* ASIDataCompressor.m in Sources */ = {isa = PBXBuildFile; fileRef = 4BD5CE0818E40E2C00CD75D8 /* ASIDataCompressor.m */; settings = {COMPILER_FLAGS = "-fno-objc-arc"; }; };
		4BD5CE1E18E40E2C00CD75D8 /* ASIDataDecompressor.m in Sources */ = {isa = PBXBuildFile; fileRef = 4BD5CE0A18E40E2C00CD75D8 /* ASIDataDecompressor.m */; settings = {COMPILER_FLAGS = "-fno-objc-arc"; }; };
		4BD5CE1F18E40E2C00CD75D8 /* ASIDownloadCache.m in Sources */ = {isa = PBXBuildFile; fileRef = 4BD5CE0C18E40E2C00CD75D8 /* ASIDownloadCache.m */; settings = {COMPILER_FLAGS = "-fno-objc-arc"; }; };
		4BD5CE2018E40E2C00CD75D8 /* ASIFormDataRequest.m in Sources */ = {isa = PBXBuildFile; fileRef = 4BD5CE0E18E40E2C00CD75D8 /* ASIFormDataRequest.m */; settings = {COMPILER_FLAGS = "-fno-objc-arc"; }; };
		4BD5CE2118E40E2C00CD75D8 /* ASIHTTPRequest.m in Sources */ = {isa = PBXBuildFile; fileRef = 4BD5CE1018E40E2C00CD75D8 /* ASIHTTPRequest.m */; settings = {COMPILER_FLAGS = "-fno-objc-arc"; }; };
		4BD5CE2218E40E2C00CD75D8 /* ASIInputStream.m in Sources */ = {isa = PBXBuildFile; fileRef = 4BD5CE1418E40E2C00CD75D8 /* ASIInputStream.m */; settings = {COMPILER_FLAGS = "-fno-objc-arc"; }; };
		4BD5CE2318E40E2C00CD75D8 /* ASINetworkQueue.m in Sources */ = {isa = PBXBuildFile; fileRef = 4BD5CE1618E40E2C00CD75D8 /* ASINetworkQueue.m */; settings = {COMPILER_FLAGS = "-fno-objc-arc"; }; };
		4BD5CE2418E40E2C00CD75D8 /* Reachability.m in Sources */ = {isa = PBXBuildFile; fileRef = 4BD5CE1B18E40E2C00CD75D8 /* Reachability.m */; settings = {COMPILER_FLAGS = "-fno-objc-arc"; }; };
		4BD5CE2618E40FEE00CD75D8 /* CFNetwork.framework in Frameworks */ = {isa = PBXBuildFile; fileRef = 4BD5CE2518E40FEE00CD75D8 /* CFNetwork.framework */; };
		4BD5CE2818E4102100CD75D8 /* SystemConfiguration.framework in Frameworks */ = {isa = PBXBuildFile; fileRef = 4BD5CE2718E4102100CD75D8 /* SystemConfiguration.framework */; };
		4BD5CE2A18E4108500CD75D8 /* MobileCoreServices.framework in Frameworks */ = {isa = PBXBuildFile; fileRef = 4BD5CE2918E4108500CD75D8 /* MobileCoreServices.framework */; };
		4BD5CE2C18E410B200CD75D8 /* libz.1.2.5.dylib in Frameworks */ = {isa = PBXBuildFile; fileRef = 4BD5CE2B18E410B200CD75D8 /* libz.1.2.5.dylib */; };
		4BDD7822193EF9EA0082E68E /* iplbiPadMenuTableViewController.m in Sources */ = {isa = PBXBuildFile; fileRef = 4BDD7821193EF9EA0082E68E /* iplbiPadMenuTableViewController.m */; };
		4BF07FC6193DAE6500ED747A /* iplbiPadProjectListTableViewController.m in Sources */ = {isa = PBXBuildFile; fileRef = 4BF07FC5193DAE6500ED747A /* iplbiPadProjectListTableViewController.m */; };
		4BF07FC9193DB43E00ED747A /* iplbiPadProjectListTableViewCell.m in Sources */ = {isa = PBXBuildFile; fileRef = 4BF07FC8193DB43E00ED747A /* iplbiPadProjectListTableViewCell.m */; };
		4BF6F9F9195927DD0037F5F0 /* iplbiPadNewContentViewController.m in Sources */ = {isa = PBXBuildFile; fileRef = 4BF6F9F8195927DD0037F5F0 /* iplbiPadNewContentViewController.m */; };
/* End PBXBuildFile section */

/* Begin PBXContainerItemProxy section */
		4B30723818D59EFC00A77771 /* PBXContainerItemProxy */ = {
			isa = PBXContainerItemProxy;
			containerPortal = 4B30720A18D59EFC00A77771 /* Project object */;
			proxyType = 1;
			remoteGlobalIDString = 4B30721118D59EFC00A77771;
			remoteInfo = InfoProjectLibBrowser;
		};
/* End PBXContainerItemProxy section */

/* Begin PBXFileReference section */
		4B16F0A018E4683F0050AB6F /* iplbBaseRepository.h */ = {isa = PBXFileReference; fileEncoding = 4; lastKnownFileType = sourcecode.c.h; path = iplbBaseRepository.h; sourceTree = "<group>"; };
		4B16F0A118E4683F0050AB6F /* iplbBaseRepository.m */ = {isa = PBXFileReference; fileEncoding = 4; lastKnownFileType = sourcecode.c.objc; path = iplbBaseRepository.m; sourceTree = "<group>"; };
		4B16F0A318E475AC0050AB6F /* iplbProjectCategoryRepository.h */ = {isa = PBXFileReference; fileEncoding = 4; lastKnownFileType = sourcecode.c.h; path = iplbProjectCategoryRepository.h; sourceTree = "<group>"; };
		4B16F0A418E475AC0050AB6F /* iplbProjectCategoryRepository.m */ = {isa = PBXFileReference; fileEncoding = 4; lastKnownFileType = sourcecode.c.objc; path = iplbProjectCategoryRepository.m; sourceTree = "<group>"; };
		4B16F0A618E4770E0050AB6F /* iplbProjectCategory.h */ = {isa = PBXFileReference; fileEncoding = 4; lastKnownFileType = sourcecode.c.h; path = iplbProjectCategory.h; sourceTree = "<group>"; };
		4B16F0A718E4770E0050AB6F /* iplbProjectCategory.m */ = {isa = PBXFileReference; fileEncoding = 4; lastKnownFileType = sourcecode.c.objc; path = iplbProjectCategory.m; sourceTree = "<group>"; };
		4B16F0A918E47EEE0050AB6F /* SDWebImage.framework */ = {isa = PBXFileReference; lastKnownFileType = wrapper.framework; path = SDWebImage.framework; sourceTree = "<group>"; };
		4B16F0AB18E47F840050AB6F /* ImageIO.framework */ = {isa = PBXFileReference; lastKnownFileType = wrapper.framework; name = ImageIO.framework; path = System/Library/Frameworks/ImageIO.framework; sourceTree = SDKROOT; };
		4B256AF618E3C907003081E6 /* iplbOperationResult.h */ = {isa = PBXFileReference; fileEncoding = 4; lastKnownFileType = sourcecode.c.h; path = iplbOperationResult.h; sourceTree = "<group>"; };
		4B256AF718E3C907003081E6 /* iplbOperationResult.m */ = {isa = PBXFileReference; fileEncoding = 4; lastKnownFileType = sourcecode.c.objc; path = iplbOperationResult.m; sourceTree = "<group>"; };
		4B2A980019527F2C0093ADE4 /* iplbLabelFilterTableViewController.h */ = {isa = PBXFileReference; fileEncoding = 4; lastKnownFileType = sourcecode.c.h; path = iplbLabelFilterTableViewController.h; sourceTree = "<group>"; };
		4B2A980119527F2C0093ADE4 /* iplbLabelFilterTableViewController.m */ = {isa = PBXFileReference; fileEncoding = 4; lastKnownFileType = sourcecode.c.objc; path = iplbLabelFilterTableViewController.m; sourceTree = "<group>"; };
		4B2A98031952831B0093ADE4 /* iplbiPadNewsListTableViewController.h */ = {isa = PBXFileReference; fileEncoding = 4; lastKnownFileType = sourcecode.c.h; path = iplbiPadNewsListTableViewController.h; sourceTree = "<group>"; };
		4B2A98041952831B0093ADE4 /* iplbiPadNewsListTableViewController.m */ = {isa = PBXFileReference; fileEncoding = 4; lastKnownFileType = sourcecode.c.objc; path = iplbiPadNewsListTableViewController.m; sourceTree = "<group>"; };
		4B2A98061952BBA20093ADE4 /* iplbProjectLabelRepository.h */ = {isa = PBXFileReference; fileEncoding = 4; lastKnownFileType = sourcecode.c.h; path = iplbProjectLabelRepository.h; sourceTree = "<group>"; };
		4B2A98071952BBA20093ADE4 /* iplbProjectLabelRepository.m */ = {isa = PBXFileReference; fileEncoding = 4; lastKnownFileType = sourcecode.c.objc; path = iplbProjectLabelRepository.m; sourceTree = "<group>"; };
		4B2A98091952BBF80093ADE4 /* iplbProjectLabel.h */ = {isa = PBXFileReference; fileEncoding = 4; lastKnownFileType = sourcecode.c.h; path = iplbProjectLabel.h; sourceTree = "<group>"; };
		4B2A980A1952BBF80093ADE4 /* iplbProjectLabel.m */ = {isa = PBXFileReference; fileEncoding = 4; lastKnownFileType = sourcecode.c.objc; path = iplbProjectLabel.m; sourceTree = "<group>"; };
		4B2F84B61915DF0800815F32 /* iplbScreenshotDetailViewController.h */ = {isa = PBXFileReference; fileEncoding = 4; lastKnownFileType = sourcecode.c.h; name = iplbScreenshotDetailViewController.h; path = InfoProjectLibBrowser/iplbScreenshotDetailViewController.h; sourceTree = "<group>"; };
		4B2F84B71915DF0800815F32 /* iplbScreenshotDetailViewController.m */ = {isa = PBXFileReference; fileEncoding = 4; lastKnownFileType = sourcecode.c.objc; name = iplbScreenshotDetailViewController.m; path = InfoProjectLibBrowser/iplbScreenshotDetailViewController.m; sourceTree = "<group>"; };
		4B30721218D59EFC00A77771 /* 营销小助手.app */ = {isa = PBXFileReference; explicitFileType = wrapper.application; includeInIndex = 0; path = "营销小助手.app"; sourceTree = BUILT_PRODUCTS_DIR; };
		4B30721518D59EFC00A77771 /* Foundation.framework */ = {isa = PBXFileReference; lastKnownFileType = wrapper.framework; name = Foundation.framework; path = System/Library/Frameworks/Foundation.framework; sourceTree = SDKROOT; };
		4B30721718D59EFC00A77771 /* CoreGraphics.framework */ = {isa = PBXFileReference; lastKnownFileType = wrapper.framework; name = CoreGraphics.framework; path = System/Library/Frameworks/CoreGraphics.framework; sourceTree = SDKROOT; };
		4B30721918D59EFC00A77771 /* UIKit.framework */ = {isa = PBXFileReference; lastKnownFileType = wrapper.framework; name = UIKit.framework; path = System/Library/Frameworks/UIKit.framework; sourceTree = SDKROOT; };
		4B30721D18D59EFC00A77771 /* InfoProjectLibBrowser-Info.plist */ = {isa = PBXFileReference; lastKnownFileType = text.plist.xml; path = "InfoProjectLibBrowser-Info.plist"; sourceTree = "<group>"; };
		4B30721F18D59EFC00A77771 /* en */ = {isa = PBXFileReference; lastKnownFileType = text.plist.strings; name = en; path = en.lproj/InfoPlist.strings; sourceTree = "<group>"; };
		4B30722118D59EFC00A77771 /* main.m */ = {isa = PBXFileReference; lastKnownFileType = sourcecode.c.objc; path = main.m; sourceTree = "<group>"; };
		4B30722318D59EFC00A77771 /* InfoProjectLibBrowser-Prefix.pch */ = {isa = PBXFileReference; lastKnownFileType = sourcecode.c.h; path = "InfoProjectLibBrowser-Prefix.pch"; sourceTree = "<group>"; };
		4B30722418D59EFC00A77771 /* iplbAppDelegate.h */ = {isa = PBXFileReference; lastKnownFileType = sourcecode.c.h; path = iplbAppDelegate.h; sourceTree = "<group>"; };
		4B30722518D59EFC00A77771 /* iplbAppDelegate.m */ = {isa = PBXFileReference; lastKnownFileType = sourcecode.c.objc; path = iplbAppDelegate.m; sourceTree = "<group>"; };
		4B30722818D59EFC00A77771 /* Base */ = {isa = PBXFileReference; lastKnownFileType = file.storyboard; name = Base; path = Base.lproj/Main_iPhone.storyboard; sourceTree = "<group>"; };
		4B30722D18D59EFC00A77771 /* Images.xcassets */ = {isa = PBXFileReference; lastKnownFileType = folder.assetcatalog; path = Images.xcassets; sourceTree = "<group>"; };
		4B30723318D59EFC00A77771 /* InfoProjectLibBrowserTests.xctest */ = {isa = PBXFileReference; explicitFileType = wrapper.cfbundle; includeInIndex = 0; path = InfoProjectLibBrowserTests.xctest; sourceTree = BUILT_PRODUCTS_DIR; };
		4B30723418D59EFC00A77771 /* XCTest.framework */ = {isa = PBXFileReference; lastKnownFileType = wrapper.framework; name = XCTest.framework; path = Library/Frameworks/XCTest.framework; sourceTree = DEVELOPER_DIR; };
		4B30723C18D59EFC00A77771 /* InfoProjectLibBrowserTests-Info.plist */ = {isa = PBXFileReference; lastKnownFileType = text.plist.xml; path = "InfoProjectLibBrowserTests-Info.plist"; sourceTree = "<group>"; };
		4B30723E18D59EFC00A77771 /* en */ = {isa = PBXFileReference; lastKnownFileType = text.plist.strings; name = en; path = en.lproj/InfoPlist.strings; sourceTree = "<group>"; };
		4B30724018D59EFC00A77771 /* InfoProjectLibBrowserTests.m */ = {isa = PBXFileReference; lastKnownFileType = sourcecode.c.objc; path = InfoProjectLibBrowserTests.m; sourceTree = "<group>"; };
		4B3752EB18D749B500290BC5 /* iplbProjectDetailViewController.h */ = {isa = PBXFileReference; fileEncoding = 4; lastKnownFileType = sourcecode.c.h; name = iplbProjectDetailViewController.h; path = InfoProjectLibBrowser/iplbProjectDetailViewController.h; sourceTree = "<group>"; };
		4B3752EC18D749B500290BC5 /* iplbProjectDetailViewController.m */ = {isa = PBXFileReference; fileEncoding = 4; lastKnownFileType = sourcecode.c.objc; name = iplbProjectDetailViewController.m; path = InfoProjectLibBrowser/iplbProjectDetailViewController.m; sourceTree = "<group>"; };
		4B5FD3C418E6AAEE0075CF85 /* iplbUserPasswordModifyViewController.h */ = {isa = PBXFileReference; fileEncoding = 4; lastKnownFileType = sourcecode.c.h; name = iplbUserPasswordModifyViewController.h; path = InfoProjectLibBrowser/iplbUserPasswordModifyViewController.h; sourceTree = "<group>"; };
		4B5FD3C518E6AAEE0075CF85 /* iplbUserPasswordModifyViewController.m */ = {isa = PBXFileReference; fileEncoding = 4; lastKnownFileType = sourcecode.c.objc; name = iplbUserPasswordModifyViewController.m; path = InfoProjectLibBrowser/iplbUserPasswordModifyViewController.m; sourceTree = "<group>"; };
		4B7987EC1953DCE600EC5D2C /* iplbiPadProjectDetailViewController.h */ = {isa = PBXFileReference; fileEncoding = 4; lastKnownFileType = sourcecode.c.h; path = iplbiPadProjectDetailViewController.h; sourceTree = "<group>"; };
		4B7987ED1953DCE600EC5D2C /* iplbiPadProjectDetailViewController.m */ = {isa = PBXFileReference; fileEncoding = 4; lastKnownFileType = sourcecode.c.objc; path = iplbiPadProjectDetailViewController.m; sourceTree = "<group>"; };
		4B7CDC1018D5A07400D6E4B2 /* iplbProjectDetail.h */ = {isa = PBXFileReference; fileEncoding = 4; lastKnownFileType = sourcecode.c.h; path = iplbProjectDetail.h; sourceTree = "<group>"; };
		4B7CDC1118D5A07400D6E4B2 /* iplbProjectDetail.m */ = {isa = PBXFileReference; fileEncoding = 4; lastKnownFileType = sourcecode.c.objc; path = iplbProjectDetail.m; sourceTree = "<group>"; };
		4B7F29BA18EE4B51004C51B0 /* iplbProjectListTableCellTableViewCell.h */ = {isa = PBXFileReference; fileEncoding = 4; lastKnownFileType = sourcecode.c.h; name = iplbProjectListTableCellTableViewCell.h; path = InfoProjectLibBrowser/iplbProjectListTableCellTableViewCell.h; sourceTree = "<group>"; };
		4B7F29BB18EE4B51004C51B0 /* iplbProjectListTableCellTableViewCell.m */ = {isa = PBXFileReference; fileEncoding = 4; lastKnownFileType = sourcecode.c.objc; name = iplbProjectListTableCellTableViewCell.m; path = InfoProjectLibBrowser/iplbProjectListTableCellTableViewCell.m; sourceTree = "<group>"; };
		4B8208ED18E1CBE3009E4E0D /* Default@2x.png */ = {isa = PBXFileReference; lastKnownFileType = image.png; path = "Default@2x.png"; sourceTree = "<group>"; };
		4B8208EE18E1CBE3009E4E0D /* Default-568h@2x.png */ = {isa = PBXFileReference; lastKnownFileType = image.png; path = "Default-568h@2x.png"; sourceTree = "<group>"; };
		4B89C2BA18DBC7B7009D4963 /* iplbNewsDetailViewController.h */ = {isa = PBXFileReference; fileEncoding = 4; lastKnownFileType = sourcecode.c.h; name = iplbNewsDetailViewController.h; path = InfoProjectLibBrowser/iplbNewsDetailViewController.h; sourceTree = "<group>"; };
		4B89C2BB18DBC7B7009D4963 /* iplbNewsDetailViewController.m */ = {isa = PBXFileReference; fileEncoding = 4; lastKnownFileType = sourcecode.c.objc; name = iplbNewsDetailViewController.m; path = InfoProjectLibBrowser/iplbNewsDetailViewController.m; sourceTree = "<group>"; };
		4B89C2BD18DBC952009D4963 /* iplbNews.h */ = {isa = PBXFileReference; fileEncoding = 4; lastKnownFileType = sourcecode.c.h; path = iplbNews.h; sourceTree = "<group>"; };
		4B89C2BE18DBC952009D4963 /* iplbNews.m */ = {isa = PBXFileReference; fileEncoding = 4; lastKnownFileType = sourcecode.c.objc; path = iplbNews.m; sourceTree = "<group>"; };
		4B89C2C018DBCEDF009D4963 /* iplbNewsRepository.h */ = {isa = PBXFileReference; fileEncoding = 4; lastKnownFileType = sourcecode.c.h; path = iplbNewsRepository.h; sourceTree = "<group>"; };
		4B89C2C118DBCEDF009D4963 /* iplbNewsRepository.m */ = {isa = PBXFileReference; fileEncoding = 4; lastKnownFileType = sourcecode.c.objc; path = iplbNewsRepository.m; sourceTree = "<group>"; };
		4B8AD21218DEC748008707BF /* iplbUserLoginViewController.h */ = {isa = PBXFileReference; fileEncoding = 4; lastKnownFileType = sourcecode.c.h; name = iplbUserLoginViewController.h; path = InfoProjectLibBrowser/iplbUserLoginViewController.h; sourceTree = "<group>"; };
		4B8AD21318DEC748008707BF /* iplbUserLoginViewController.m */ = {isa = PBXFileReference; fileEncoding = 4; lastKnownFileType = sourcecode.c.objc; name = iplbUserLoginViewController.m; path = InfoProjectLibBrowser/iplbUserLoginViewController.m; sourceTree = "<group>"; };
		4B9667CE18D5A59400C94357 /* iplbProjectListViewController.h */ = {isa = PBXFileReference; fileEncoding = 4; lastKnownFileType = sourcecode.c.h; name = iplbProjectListViewController.h; path = InfoProjectLibBrowser/iplbProjectListViewController.h; sourceTree = "<group>"; };
		4B9667CF18D5A59400C94357 /* iplbProjectListViewController.m */ = {isa = PBXFileReference; fileEncoding = 4; lastKnownFileType = sourcecode.c.objc; name = iplbProjectListViewController.m; path = InfoProjectLibBrowser/iplbProjectListViewController.m; sourceTree = "<group>"; };
		4B96681518D5A62700C94357 /* iplbNewsListViewController.h */ = {isa = PBXFileReference; fileEncoding = 4; lastKnownFileType = sourcecode.c.h; name = iplbNewsListViewController.h; path = InfoProjectLibBrowser/iplbNewsListViewController.h; sourceTree = "<group>"; };
		4B96681618D5A62700C94357 /* iplbNewsListViewController.m */ = {isa = PBXFileReference; fileEncoding = 4; lastKnownFileType = sourcecode.c.objc; name = iplbNewsListViewController.m; path = InfoProjectLibBrowser/iplbNewsListViewController.m; sourceTree = "<group>"; };
		4B96681818D5AB3F00C94357 /* news.png */ = {isa = PBXFileReference; lastKnownFileType = image.png; path = news.png; sourceTree = "<group>"; };
		4B96681918D5AB3F00C94357 /* projects.png */ = {isa = PBXFileReference; lastKnownFileType = image.png; path = projects.png; sourceTree = "<group>"; };
		4B96681E18D5D5DD00C94357 /* iplbProjectsRepository.h */ = {isa = PBXFileReference; fileEncoding = 4; lastKnownFileType = sourcecode.c.h; path = iplbProjectsRepository.h; sourceTree = "<group>"; };
		4B96681F18D5D5DD00C94357 /* iplbProjectsRepository.m */ = {isa = PBXFileReference; fileEncoding = 4; lastKnownFileType = sourcecode.c.objc; path = iplbProjectsRepository.m; sourceTree = "<group>"; };
		4B96682118D5E2D100C94357 /* config.plist */ = {isa = PBXFileReference; fileEncoding = 4; lastKnownFileType = text.plist.xml; path = config.plist; sourceTree = "<group>"; };
		4B96682618D5E3F000C94357 /* iplbConfiguration.h */ = {isa = PBXFileReference; fileEncoding = 4; lastKnownFileType = sourcecode.c.h; path = iplbConfiguration.h; sourceTree = "<group>"; };
		4B96682718D5E3F000C94357 /* iplbConfiguration.m */ = {isa = PBXFileReference; fileEncoding = 4; lastKnownFileType = sourcecode.c.objc; path = iplbConfiguration.m; sourceTree = "<group>"; };
		4B9A26B61932E53600319748 /* Main_iPad.storyboard */ = {isa = PBXFileReference; fileEncoding = 4; lastKnownFileType = file.storyboard; path = Main_iPad.storyboard; sourceTree = "<group>"; };
		4BA943E9195AD25600723FFB /* bc.plist */ = {isa = PBXFileReference; fileEncoding = 4; lastKnownFileType = text.plist.xml; path = bc.plist; sourceTree = "<group>"; };
		4BAD887118E2AFFC005983BA /* iplbUserService.h */ = {isa = PBXFileReference; fileEncoding = 4; lastKnownFileType = sourcecode.c.h; path = iplbUserService.h; sourceTree = "<group>"; };
		4BAD887218E2AFFC005983BA /* iplbUserService.m */ = {isa = PBXFileReference; fileEncoding = 4; lastKnownFileType = sourcecode.c.objc; path = iplbUserService.m; sourceTree = "<group>"; };
		4BAF6CF318DD884D0048BB66 /* iplbProjectCategoriesViewController.h */ = {isa = PBXFileReference; fileEncoding = 4; lastKnownFileType = sourcecode.c.h; name = iplbProjectCategoriesViewController.h; path = InfoProjectLibBrowser/iplbProjectCategoriesViewController.h; sourceTree = "<group>"; };
		4BAF6CF418DD884D0048BB66 /* iplbProjectCategoriesViewController.m */ = {isa = PBXFileReference; fileEncoding = 4; lastKnownFileType = sourcecode.c.objc; name = iplbProjectCategoriesViewController.m; path = InfoProjectLibBrowser/iplbProjectCategoriesViewController.m; sourceTree = "<group>"; };
		4BB1618F18EDB917001F3018 /* UIImage+ImageScaleAndRoundConner.h */ = {isa = PBXFileReference; fileEncoding = 4; lastKnownFileType = sourcecode.c.h; name = "UIImage+ImageScaleAndRoundConner.h"; path = "InfoProjectLibBrowser/UIImage+ImageScaleAndRoundConner.h"; sourceTree = "<group>"; };
		4BB1619018EDB917001F3018 /* UIImage+ImageScaleAndRoundConner.m */ = {isa = PBXFileReference; fileEncoding = 4; lastKnownFileType = sourcecode.c.objc; name = "UIImage+ImageScaleAndRoundConner.m"; path = "InfoProjectLibBrowser/UIImage+ImageScaleAndRoundConner.m"; sourceTree = "<group>"; };
		4BB3694E190B5C8700D41FD3 /* iCarousel.h */ = {isa = PBXFileReference; fileEncoding = 4; lastKnownFileType = sourcecode.c.h; path = iCarousel.h; sourceTree = "<group>"; };
		4BB3694F190B5C8700D41FD3 /* iCarousel.m */ = {isa = PBXFileReference; fileEncoding = 4; lastKnownFileType = sourcecode.c.objc; path = iCarousel.m; sourceTree = "<group>"; };
		4BB36951190B651F00D41FD3 /* iplbScreenshotsGalleryViewController.h */ = {isa = PBXFileReference; fileEncoding = 4; lastKnownFileType = sourcecode.c.h; name = iplbScreenshotsGalleryViewController.h; path = InfoProjectLibBrowser/iplbScreenshotsGalleryViewController.h; sourceTree = "<group>"; };
		4BB36952190B651F00D41FD3 /* iplbScreenshotsGalleryViewController.m */ = {isa = PBXFileReference; fileEncoding = 4; lastKnownFileType = sourcecode.c.objc; name = iplbScreenshotsGalleryViewController.m; path = InfoProjectLibBrowser/iplbScreenshotsGalleryViewController.m; sourceTree = "<group>"; };
		4BB36954190B66E400D41FD3 /* background.png */ = {isa = PBXFileReference; lastKnownFileType = image.png; path = background.png; sourceTree = "<group>"; };
		4BB36956190B846600D41FD3 /* ReflectionView.h */ = {isa = PBXFileReference; fileEncoding = 4; lastKnownFileType = sourcecode.c.h; path = ReflectionView.h; sourceTree = "<group>"; };
		4BB36957190B846600D41FD3 /* ReflectionView.m */ = {isa = PBXFileReference; fileEncoding = 4; lastKnownFileType = sourcecode.c.objc; path = ReflectionView.m; sourceTree = "<group>"; };
		4BB566D718EC580B00DA2439 /* placeholder.png */ = {isa = PBXFileReference; lastKnownFileType = image.png; path = placeholder.png; sourceTree = "<group>"; };
		4BB566D918EC5A7400DA2439 /* screen_placeholder.png */ = {isa = PBXFileReference; lastKnownFileType = image.png; path = screen_placeholder.png; sourceTree = "<group>"; };
		4BBA286518F1A78300453DD5 /* refresh_pull.caf */ = {isa = PBXFileReference; lastKnownFileType = file; path = refresh_pull.caf; sourceTree = "<group>"; };
		4BBA286618F1A78300453DD5 /* refresh_release.caf */ = {isa = PBXFileReference; lastKnownFileType = file; path = refresh_release.caf; sourceTree = "<group>"; };
		4BBA286918F1AAE400453DD5 /* AVFoundation.framework */ = {isa = PBXFileReference; lastKnownFileType = wrapper.framework; name = AVFoundation.framework; path = System/Library/Frameworks/AVFoundation.framework; sourceTree = SDKROOT; };
		4BD5CE0418E40E2C00CD75D8 /* ASIAuthenticationDialog.h */ = {isa = PBXFileReference; fileEncoding = 4; lastKnownFileType = sourcecode.c.h; path = ASIAuthenticationDialog.h; sourceTree = "<group>"; };
		4BD5CE0518E40E2C00CD75D8 /* ASIAuthenticationDialog.m */ = {isa = PBXFileReference; fileEncoding = 4; lastKnownFileType = sourcecode.c.objc; path = ASIAuthenticationDialog.m; sourceTree = "<group>"; };
		4BD5CE0618E40E2C00CD75D8 /* ASICacheDelegate.h */ = {isa = PBXFileReference; fileEncoding = 4; lastKnownFileType = sourcecode.c.h; path = ASICacheDelegate.h; sourceTree = "<group>"; };
		4BD5CE0718E40E2C00CD75D8 /* ASIDataCompressor.h */ = {isa = PBXFileReference; fileEncoding = 4; lastKnownFileType = sourcecode.c.h; path = ASIDataCompressor.h; sourceTree = "<group>"; };
		4BD5CE0818E40E2C00CD75D8 /* ASIDataCompressor.m */ = {isa = PBXFileReference; fileEncoding = 4; lastKnownFileType = sourcecode.c.objc; path = ASIDataCompressor.m; sourceTree = "<group>"; };
		4BD5CE0918E40E2C00CD75D8 /* ASIDataDecompressor.h */ = {isa = PBXFileReference; fileEncoding = 4; lastKnownFileType = sourcecode.c.h; path = ASIDataDecompressor.h; sourceTree = "<group>"; };
		4BD5CE0A18E40E2C00CD75D8 /* ASIDataDecompressor.m */ = {isa = PBXFileReference; fileEncoding = 4; lastKnownFileType = sourcecode.c.objc; path = ASIDataDecompressor.m; sourceTree = "<group>"; };
		4BD5CE0B18E40E2C00CD75D8 /* ASIDownloadCache.h */ = {isa = PBXFileReference; fileEncoding = 4; lastKnownFileType = sourcecode.c.h; path = ASIDownloadCache.h; sourceTree = "<group>"; };
		4BD5CE0C18E40E2C00CD75D8 /* ASIDownloadCache.m */ = {isa = PBXFileReference; fileEncoding = 4; lastKnownFileType = sourcecode.c.objc; path = ASIDownloadCache.m; sourceTree = "<group>"; };
		4BD5CE0D18E40E2C00CD75D8 /* ASIFormDataRequest.h */ = {isa = PBXFileReference; fileEncoding = 4; lastKnownFileType = sourcecode.c.h; path = ASIFormDataRequest.h; sourceTree = "<group>"; };
		4BD5CE0E18E40E2C00CD75D8 /* ASIFormDataRequest.m */ = {isa = PBXFileReference; fileEncoding = 4; lastKnownFileType = sourcecode.c.objc; path = ASIFormDataRequest.m; sourceTree = "<group>"; };
		4BD5CE0F18E40E2C00CD75D8 /* ASIHTTPRequest.h */ = {isa = PBXFileReference; fileEncoding = 4; lastKnownFileType = sourcecode.c.h; path = ASIHTTPRequest.h; sourceTree = "<group>"; };
		4BD5CE1018E40E2C00CD75D8 /* ASIHTTPRequest.m */ = {isa = PBXFileReference; fileEncoding = 4; lastKnownFileType = sourcecode.c.objc; path = ASIHTTPRequest.m; sourceTree = "<group>"; };
		4BD5CE1118E40E2C00CD75D8 /* ASIHTTPRequestConfig.h */ = {isa = PBXFileReference; fileEncoding = 4; lastKnownFileType = sourcecode.c.h; path = ASIHTTPRequestConfig.h; sourceTree = "<group>"; };
		4BD5CE1218E40E2C00CD75D8 /* ASIHTTPRequestDelegate.h */ = {isa = PBXFileReference; fileEncoding = 4; lastKnownFileType = sourcecode.c.h; path = ASIHTTPRequestDelegate.h; sourceTree = "<group>"; };
		4BD5CE1318E40E2C00CD75D8 /* ASIInputStream.h */ = {isa = PBXFileReference; fileEncoding = 4; lastKnownFileType = sourcecode.c.h; path = ASIInputStream.h; sourceTree = "<group>"; };
		4BD5CE1418E40E2C00CD75D8 /* ASIInputStream.m */ = {isa = PBXFileReference; fileEncoding = 4; lastKnownFileType = sourcecode.c.objc; path = ASIInputStream.m; sourceTree = "<group>"; };
		4BD5CE1518E40E2C00CD75D8 /* ASINetworkQueue.h */ = {isa = PBXFileReference; fileEncoding = 4; lastKnownFileType = sourcecode.c.h; path = ASINetworkQueue.h; sourceTree = "<group>"; };
		4BD5CE1618E40E2C00CD75D8 /* ASINetworkQueue.m */ = {isa = PBXFileReference; fileEncoding = 4; lastKnownFileType = sourcecode.c.objc; path = ASINetworkQueue.m; sourceTree = "<group>"; };
		4BD5CE1718E40E2C00CD75D8 /* ASIProgressDelegate.h */ = {isa = PBXFileReference; fileEncoding = 4; lastKnownFileType = sourcecode.c.h; path = ASIProgressDelegate.h; sourceTree = "<group>"; };
		4BD5CE1A18E40E2C00CD75D8 /* Reachability.h */ = {isa = PBXFileReference; fileEncoding = 4; lastKnownFileType = sourcecode.c.h; path = Reachability.h; sourceTree = "<group>"; };
		4BD5CE1B18E40E2C00CD75D8 /* Reachability.m */ = {isa = PBXFileReference; fileEncoding = 4; lastKnownFileType = sourcecode.c.objc; path = Reachability.m; sourceTree = "<group>"; };
		4BD5CE2518E40FEE00CD75D8 /* CFNetwork.framework */ = {isa = PBXFileReference; lastKnownFileType = wrapper.framework; name = CFNetwork.framework; path = System/Library/Frameworks/CFNetwork.framework; sourceTree = SDKROOT; };
		4BD5CE2718E4102100CD75D8 /* SystemConfiguration.framework */ = {isa = PBXFileReference; lastKnownFileType = wrapper.framework; name = SystemConfiguration.framework; path = System/Library/Frameworks/SystemConfiguration.framework; sourceTree = SDKROOT; };
		4BD5CE2918E4108500CD75D8 /* MobileCoreServices.framework */ = {isa = PBXFileReference; lastKnownFileType = wrapper.framework; name = MobileCoreServices.framework; path = System/Library/Frameworks/MobileCoreServices.framework; sourceTree = SDKROOT; };
		4BD5CE2B18E410B200CD75D8 /* libz.1.2.5.dylib */ = {isa = PBXFileReference; lastKnownFileType = "compiled.mach-o.dylib"; name = libz.1.2.5.dylib; path = usr/lib/libz.1.2.5.dylib; sourceTree = SDKROOT; };
		4BDD7820193EF9EA0082E68E /* iplbiPadMenuTableViewController.h */ = {isa = PBXFileReference; fileEncoding = 4; lastKnownFileType = sourcecode.c.h; path = iplbiPadMenuTableViewController.h; sourceTree = "<group>"; };
		4BDD7821193EF9EA0082E68E /* iplbiPadMenuTableViewController.m */ = {isa = PBXFileReference; fileEncoding = 4; lastKnownFileType = sourcecode.c.objc; path = iplbiPadMenuTableViewController.m; sourceTree = "<group>"; };
		4BF07FC4193DAE6500ED747A /* iplbiPadProjectListTableViewController.h */ = {isa = PBXFileReference; fileEncoding = 4; lastKnownFileType = sourcecode.c.h; path = iplbiPadProjectListTableViewController.h; sourceTree = "<group>"; };
		4BF07FC5193DAE6500ED747A /* iplbiPadProjectListTableViewController.m */ = {isa = PBXFileReference; fileEncoding = 4; lastKnownFileType = sourcecode.c.objc; path = iplbiPadProjectListTableViewController.m; sourceTree = "<group>"; };
		4BF07FC7193DB43E00ED747A /* iplbiPadProjectListTableViewCell.h */ = {isa = PBXFileReference; fileEncoding = 4; lastKnownFileType = sourcecode.c.h; path = iplbiPadProjectListTableViewCell.h; sourceTree = "<group>"; };
		4BF07FC8193DB43E00ED747A /* iplbiPadProjectListTableViewCell.m */ = {isa = PBXFileReference; fileEncoding = 4; lastKnownFileType = sourcecode.c.objc; path = iplbiPadProjectListTableViewCell.m; sourceTree = "<group>"; };
		4BF6F9F7195927DD0037F5F0 /* iplbiPadNewContentViewController.h */ = {isa = PBXFileReference; fileEncoding = 4; lastKnownFileType = sourcecode.c.h; path = iplbiPadNewContentViewController.h; sourceTree = "<group>"; };
		4BF6F9F8195927DD0037F5F0 /* iplbiPadNewContentViewController.m */ = {isa = PBXFileReference; fileEncoding = 4; lastKnownFileType = sourcecode.c.objc; path = iplbiPadNewContentViewController.m; sourceTree = "<group>"; };
/* End PBXFileReference section */

/* Begin PBXFrameworksBuildPhase section */
		4B30720F18D59EFC00A77771 /* Frameworks */ = {
			isa = PBXFrameworksBuildPhase;
			buildActionMask = 2147483647;
			files = (
				4BBA286A18F1AAE400453DD5 /* AVFoundation.framework in Frameworks */,
				4B16F0AC18E47F840050AB6F /* ImageIO.framework in Frameworks */,
				4B16F0AA18E47EEE0050AB6F /* SDWebImage.framework in Frameworks */,
				4BD5CE2C18E410B200CD75D8 /* libz.1.2.5.dylib in Frameworks */,
				4B30721818D59EFC00A77771 /* CoreGraphics.framework in Frameworks */,
				4BD5CE2A18E4108500CD75D8 /* MobileCoreServices.framework in Frameworks */,
				4BD5CE2818E4102100CD75D8 /* SystemConfiguration.framework in Frameworks */,
				4BD5CE2618E40FEE00CD75D8 /* CFNetwork.framework in Frameworks */,
				4B30721A18D59EFC00A77771 /* UIKit.framework in Frameworks */,
				4B30721618D59EFC00A77771 /* Foundation.framework in Frameworks */,
			);
			runOnlyForDeploymentPostprocessing = 0;
		};
		4B30723018D59EFC00A77771 /* Frameworks */ = {
			isa = PBXFrameworksBuildPhase;
			buildActionMask = 2147483647;
			files = (
				4B30723518D59EFC00A77771 /* XCTest.framework in Frameworks */,
				4B30723718D59EFC00A77771 /* UIKit.framework in Frameworks */,
				4B30723618D59EFC00A77771 /* Foundation.framework in Frameworks */,
			);
			runOnlyForDeploymentPostprocessing = 0;
		};
/* End PBXFrameworksBuildPhase section */

/* Begin PBXGroup section */
		4B30720918D59EFC00A77771 = {
			isa = PBXGroup;
			children = (
				4B30721B18D59EFC00A77771 /* InfoProjectLibBrowser */,
				4B30723A18D59EFC00A77771 /* InfoProjectLibBrowserTests */,
				4BB3694D190B5C8700D41FD3 /* iCarousel */,
				4B16F0A918E47EEE0050AB6F /* SDWebImage.framework */,
				4BD5CE0218E40E2C00CD75D8 /* asi-http-request */,
				4B9667CD18D5A54E00C94357 /* Resources */,
				4B30721418D59EFC00A77771 /* Frameworks */,
				4B30721318D59EFC00A77771 /* Products */,
			);
			sourceTree = "<group>";
		};
		4B30721318D59EFC00A77771 /* Products */ = {
			isa = PBXGroup;
			children = (
				4B30721218D59EFC00A77771 /* 营销小助手.app */,
				4B30723318D59EFC00A77771 /* InfoProjectLibBrowserTests.xctest */,
			);
			name = Products;
			sourceTree = "<group>";
		};
		4B30721418D59EFC00A77771 /* Frameworks */ = {
			isa = PBXGroup;
			children = (
				4BBA286918F1AAE400453DD5 /* AVFoundation.framework */,
				4B16F0AB18E47F840050AB6F /* ImageIO.framework */,
				4BD5CE2B18E410B200CD75D8 /* libz.1.2.5.dylib */,
				4BD5CE2918E4108500CD75D8 /* MobileCoreServices.framework */,
				4BD5CE2718E4102100CD75D8 /* SystemConfiguration.framework */,
				4BD5CE2518E40FEE00CD75D8 /* CFNetwork.framework */,
				4B30721518D59EFC00A77771 /* Foundation.framework */,
				4B30721718D59EFC00A77771 /* CoreGraphics.framework */,
				4B30721918D59EFC00A77771 /* UIKit.framework */,
				4B30723418D59EFC00A77771 /* XCTest.framework */,
			);
			name = Frameworks;
			sourceTree = "<group>";
		};
		4B30721B18D59EFC00A77771 /* InfoProjectLibBrowser */ = {
			isa = PBXGroup;
			children = (
				4BA943E9195AD25600723FFB /* bc.plist */,
				4BF07F3E193D778100ED747A /* ViewControllers_iPad */,
				4B9667CC18D5A53700C94357 /* ViewControllers_iPhone */,
				4B30722418D59EFC00A77771 /* iplbAppDelegate.h */,
				4B30722518D59EFC00A77771 /* iplbAppDelegate.m */,
				4B30722718D59EFC00A77771 /* Main_iPhone.storyboard */,
				4B9A26B61932E53600319748 /* Main_iPad.storyboard */,
				4B30722D18D59EFC00A77771 /* Images.xcassets */,
				4B30721C18D59EFC00A77771 /* Supporting Files */,
				4B96681D18D5C80700C94357 /* Models */,
			);
			path = InfoProjectLibBrowser;
			sourceTree = "<group>";
		};
		4B30721C18D59EFC00A77771 /* Supporting Files */ = {
			isa = PBXGroup;
			children = (
				4B30721D18D59EFC00A77771 /* InfoProjectLibBrowser-Info.plist */,
				4B30721E18D59EFC00A77771 /* InfoPlist.strings */,
				4B30722118D59EFC00A77771 /* main.m */,
				4B30722318D59EFC00A77771 /* InfoProjectLibBrowser-Prefix.pch */,
				4B96682118D5E2D100C94357 /* config.plist */,
			);
			name = "Supporting Files";
			sourceTree = "<group>";
		};
		4B30723A18D59EFC00A77771 /* InfoProjectLibBrowserTests */ = {
			isa = PBXGroup;
			children = (
				4B30724018D59EFC00A77771 /* InfoProjectLibBrowserTests.m */,
				4B30723B18D59EFC00A77771 /* Supporting Files */,
			);
			path = InfoProjectLibBrowserTests;
			sourceTree = "<group>";
		};
		4B30723B18D59EFC00A77771 /* Supporting Files */ = {
			isa = PBXGroup;
			children = (
				4B30723C18D59EFC00A77771 /* InfoProjectLibBrowserTests-Info.plist */,
				4B30723D18D59EFC00A77771 /* InfoPlist.strings */,
			);
			name = "Supporting Files";
			sourceTree = "<group>";
		};
		4B9667CC18D5A53700C94357 /* ViewControllers_iPhone */ = {
			isa = PBXGroup;
			children = (
				4B9667CE18D5A59400C94357 /* iplbProjectListViewController.h */,
				4B9667CF18D5A59400C94357 /* iplbProjectListViewController.m */,
				4B96681518D5A62700C94357 /* iplbNewsListViewController.h */,
				4B96681618D5A62700C94357 /* iplbNewsListViewController.m */,
				4B3752EB18D749B500290BC5 /* iplbProjectDetailViewController.h */,
				4B3752EC18D749B500290BC5 /* iplbProjectDetailViewController.m */,
				4B89C2BA18DBC7B7009D4963 /* iplbNewsDetailViewController.h */,
				4B89C2BB18DBC7B7009D4963 /* iplbNewsDetailViewController.m */,
				4BAF6CF318DD884D0048BB66 /* iplbProjectCategoriesViewController.h */,
				4BAF6CF418DD884D0048BB66 /* iplbProjectCategoriesViewController.m */,
				4B8AD21218DEC748008707BF /* iplbUserLoginViewController.h */,
				4B8AD21318DEC748008707BF /* iplbUserLoginViewController.m */,
				4B5FD3C418E6AAEE0075CF85 /* iplbUserPasswordModifyViewController.h */,
				4B5FD3C518E6AAEE0075CF85 /* iplbUserPasswordModifyViewController.m */,
				4BB1618F18EDB917001F3018 /* UIImage+ImageScaleAndRoundConner.h */,
				4BB1619018EDB917001F3018 /* UIImage+ImageScaleAndRoundConner.m */,
				4B7F29BA18EE4B51004C51B0 /* iplbProjectListTableCellTableViewCell.h */,
				4B7F29BB18EE4B51004C51B0 /* iplbProjectListTableCellTableViewCell.m */,
				4BB36951190B651F00D41FD3 /* iplbScreenshotsGalleryViewController.h */,
				4BB36952190B651F00D41FD3 /* iplbScreenshotsGalleryViewController.m */,
				4B2F84B61915DF0800815F32 /* iplbScreenshotDetailViewController.h */,
				4B2F84B71915DF0800815F32 /* iplbScreenshotDetailViewController.m */,
			);
			name = ViewControllers_iPhone;
			path = ..;
			sourceTree = "<group>";
		};
		4B9667CD18D5A54E00C94357 /* Resources */ = {
			isa = PBXGroup;
			children = (
				4BB36954190B66E400D41FD3 /* background.png */,
				4BBA286518F1A78300453DD5 /* refresh_pull.caf */,
				4BBA286618F1A78300453DD5 /* refresh_release.caf */,
				4BB566D918EC5A7400DA2439 /* screen_placeholder.png */,
				4BB566D718EC580B00DA2439 /* placeholder.png */,
				4B8208ED18E1CBE3009E4E0D /* Default@2x.png */,
				4B8208EE18E1CBE3009E4E0D /* Default-568h@2x.png */,
				4B96681818D5AB3F00C94357 /* news.png */,
				4B96681918D5AB3F00C94357 /* projects.png */,
			);
			name = Resources;
			sourceTree = "<group>";
		};
		4B96681D18D5C80700C94357 /* Models */ = {
			isa = PBXGroup;
			children = (
				4B7CDC1018D5A07400D6E4B2 /* iplbProjectDetail.h */,
				4B7CDC1118D5A07400D6E4B2 /* iplbProjectDetail.m */,
				4B96681E18D5D5DD00C94357 /* iplbProjectsRepository.h */,
				4B96681F18D5D5DD00C94357 /* iplbProjectsRepository.m */,
				4B96682618D5E3F000C94357 /* iplbConfiguration.h */,
				4B96682718D5E3F000C94357 /* iplbConfiguration.m */,
				4B89C2BD18DBC952009D4963 /* iplbNews.h */,
				4B89C2BE18DBC952009D4963 /* iplbNews.m */,
				4B89C2C018DBCEDF009D4963 /* iplbNewsRepository.h */,
				4B89C2C118DBCEDF009D4963 /* iplbNewsRepository.m */,
				4BAD887118E2AFFC005983BA /* iplbUserService.h */,
				4BAD887218E2AFFC005983BA /* iplbUserService.m */,
				4B256AF618E3C907003081E6 /* iplbOperationResult.h */,
				4B256AF718E3C907003081E6 /* iplbOperationResult.m */,
				4B16F0A018E4683F0050AB6F /* iplbBaseRepository.h */,
				4B16F0A118E4683F0050AB6F /* iplbBaseRepository.m */,
				4B16F0A318E475AC0050AB6F /* iplbProjectCategoryRepository.h */,
				4B16F0A418E475AC0050AB6F /* iplbProjectCategoryRepository.m */,
				4B16F0A618E4770E0050AB6F /* iplbProjectCategory.h */,
				4B16F0A718E4770E0050AB6F /* iplbProjectCategory.m */,
				4B2A98061952BBA20093ADE4 /* iplbProjectLabelRepository.h */,
				4B2A98071952BBA20093ADE4 /* iplbProjectLabelRepository.m */,
				4B2A98091952BBF80093ADE4 /* iplbProjectLabel.h */,
				4B2A980A1952BBF80093ADE4 /* iplbProjectLabel.m */,
			);
			name = Models;
			sourceTree = "<group>";
		};
		4BB3694D190B5C8700D41FD3 /* iCarousel */ = {
			isa = PBXGroup;
			children = (
				4BB36956190B846600D41FD3 /* ReflectionView.h */,
				4BB36957190B846600D41FD3 /* ReflectionView.m */,
				4BB3694E190B5C8700D41FD3 /* iCarousel.h */,
				4BB3694F190B5C8700D41FD3 /* iCarousel.m */,
			);
			path = iCarousel;
			sourceTree = "<group>";
		};
		4BD5CE0218E40E2C00CD75D8 /* asi-http-request */ = {
			isa = PBXGroup;
			children = (
				4BD5CE0318E40E2C00CD75D8 /* Classes */,
				4BD5CE1818E40E2C00CD75D8 /* External */,
			);
			path = "asi-http-request";
			sourceTree = "<group>";
		};
		4BD5CE0318E40E2C00CD75D8 /* Classes */ = {
			isa = PBXGroup;
			children = (
				4BD5CE0418E40E2C00CD75D8 /* ASIAuthenticationDialog.h */,
				4BD5CE0518E40E2C00CD75D8 /* ASIAuthenticationDialog.m */,
				4BD5CE0618E40E2C00CD75D8 /* ASICacheDelegate.h */,
				4BD5CE0718E40E2C00CD75D8 /* ASIDataCompressor.h */,
				4BD5CE0818E40E2C00CD75D8 /* ASIDataCompressor.m */,
				4BD5CE0918E40E2C00CD75D8 /* ASIDataDecompressor.h */,
				4BD5CE0A18E40E2C00CD75D8 /* ASIDataDecompressor.m */,
				4BD5CE0B18E40E2C00CD75D8 /* ASIDownloadCache.h */,
				4BD5CE0C18E40E2C00CD75D8 /* ASIDownloadCache.m */,
				4BD5CE0D18E40E2C00CD75D8 /* ASIFormDataRequest.h */,
				4BD5CE0E18E40E2C00CD75D8 /* ASIFormDataRequest.m */,
				4BD5CE0F18E40E2C00CD75D8 /* ASIHTTPRequest.h */,
				4BD5CE1018E40E2C00CD75D8 /* ASIHTTPRequest.m */,
				4BD5CE1118E40E2C00CD75D8 /* ASIHTTPRequestConfig.h */,
				4BD5CE1218E40E2C00CD75D8 /* ASIHTTPRequestDelegate.h */,
				4BD5CE1318E40E2C00CD75D8 /* ASIInputStream.h */,
				4BD5CE1418E40E2C00CD75D8 /* ASIInputStream.m */,
				4BD5CE1518E40E2C00CD75D8 /* ASINetworkQueue.h */,
				4BD5CE1618E40E2C00CD75D8 /* ASINetworkQueue.m */,
				4BD5CE1718E40E2C00CD75D8 /* ASIProgressDelegate.h */,
			);
			path = Classes;
			sourceTree = "<group>";
		};
		4BD5CE1818E40E2C00CD75D8 /* External */ = {
			isa = PBXGroup;
			children = (
				4BD5CE1918E40E2C00CD75D8 /* Reachability */,
			);
			path = External;
			sourceTree = "<group>";
		};
		4BD5CE1918E40E2C00CD75D8 /* Reachability */ = {
			isa = PBXGroup;
			children = (
				4BD5CE1A18E40E2C00CD75D8 /* Reachability.h */,
				4BD5CE1B18E40E2C00CD75D8 /* Reachability.m */,
			);
			path = Reachability;
			sourceTree = "<group>";
		};
		4BF07F3E193D778100ED747A /* ViewControllers_iPad */ = {
			isa = PBXGroup;
			children = (
				4BF07FC4193DAE6500ED747A /* iplbiPadProjectListTableViewController.h */,
				4BF07FC5193DAE6500ED747A /* iplbiPadProjectListTableViewController.m */,
				4BF07FC7193DB43E00ED747A /* iplbiPadProjectListTableViewCell.h */,
				4BF07FC8193DB43E00ED747A /* iplbiPadProjectListTableViewCell.m */,
				4BDD7820193EF9EA0082E68E /* iplbiPadMenuTableViewController.h */,
				4BDD7821193EF9EA0082E68E /* iplbiPadMenuTableViewController.m */,
				4B2A980019527F2C0093ADE4 /* iplbLabelFilterTableViewController.h */,
				4B2A980119527F2C0093ADE4 /* iplbLabelFilterTableViewController.m */,
				4B2A98031952831B0093ADE4 /* iplbiPadNewsListTableViewController.h */,
				4B2A98041952831B0093ADE4 /* iplbiPadNewsListTableViewController.m */,
				4B7987EC1953DCE600EC5D2C /* iplbiPadProjectDetailViewController.h */,
				4B7987ED1953DCE600EC5D2C /* iplbiPadProjectDetailViewController.m */,
				4BF6F9F7195927DD0037F5F0 /* iplbiPadNewContentViewController.h */,
				4BF6F9F8195927DD0037F5F0 /* iplbiPadNewContentViewController.m */,
			);
			name = ViewControllers_iPad;
			sourceTree = "<group>";
		};
/* End PBXGroup section */

/* Begin PBXNativeTarget section */
		4B30721118D59EFC00A77771 /* InfoProjectLibBrowser */ = {
			isa = PBXNativeTarget;
			buildConfigurationList = 4B30724418D59EFC00A77771 /* Build configuration list for PBXNativeTarget "InfoProjectLibBrowser" */;
			buildPhases = (
				4B30720E18D59EFC00A77771 /* Sources */,
				4B30720F18D59EFC00A77771 /* Frameworks */,
				4B30721018D59EFC00A77771 /* Resources */,
			);
			buildRules = (
			);
			dependencies = (
			);
			name = InfoProjectLibBrowser;
			productName = InfoProjectLibBrowser;
			productReference = 4B30721218D59EFC00A77771 /* 营销小助手.app */;
			productType = "com.apple.product-type.application";
		};
		4B30723218D59EFC00A77771 /* InfoProjectLibBrowserTests */ = {
			isa = PBXNativeTarget;
			buildConfigurationList = 4B30724718D59EFC00A77771 /* Build configuration list for PBXNativeTarget "InfoProjectLibBrowserTests" */;
			buildPhases = (
				4B30722F18D59EFC00A77771 /* Sources */,
				4B30723018D59EFC00A77771 /* Frameworks */,
				4B30723118D59EFC00A77771 /* Resources */,
			);
			buildRules = (
			);
			dependencies = (
				4B30723918D59EFC00A77771 /* PBXTargetDependency */,
			);
			name = InfoProjectLibBrowserTests;
			productName = InfoProjectLibBrowserTests;
			productReference = 4B30723318D59EFC00A77771 /* InfoProjectLibBrowserTests.xctest */;
			productType = "com.apple.product-type.bundle.unit-test";
		};
/* End PBXNativeTarget section */

/* Begin PBXProject section */
		4B30720A18D59EFC00A77771 /* Project object */ = {
			isa = PBXProject;
			attributes = {
				CLASSPREFIX = iplb;
				LastUpgradeCheck = 0500;
				ORGANIZATIONNAME = com.gpdi;
				TargetAttributes = {
					4B30721118D59EFC00A77771 = {
						DevelopmentTeam = C8KTXGBPSG;
					};
					4B30723218D59EFC00A77771 = {
						TestTargetID = 4B30721118D59EFC00A77771;
					};
				};
			};
			buildConfigurationList = 4B30720D18D59EFC00A77771 /* Build configuration list for PBXProject "InfoProjectLibBrowser" */;
			compatibilityVersion = "Xcode 3.2";
			developmentRegion = English;
			hasScannedForEncodings = 0;
			knownRegions = (
				en,
				Base,
			);
			mainGroup = 4B30720918D59EFC00A77771;
			productRefGroup = 4B30721318D59EFC00A77771 /* Products */;
			projectDirPath = "";
			projectRoot = "";
			targets = (
				4B30721118D59EFC00A77771 /* InfoProjectLibBrowser */,
				4B30723218D59EFC00A77771 /* InfoProjectLibBrowserTests */,
			);
		};
/* End PBXProject section */

/* Begin PBXResourcesBuildPhase section */
		4B30721018D59EFC00A77771 /* Resources */ = {
			isa = PBXResourcesBuildPhase;
			buildActionMask = 2147483647;
			files = (
				4B96681B18D5AB3F00C94357 /* projects.png in Resources */,
				4B96681A18D5AB3F00C94357 /* news.png in Resources */,
				4BB36955190B66E400D41FD3 /* background.png in Resources */,
				4BA943EA195AD25600723FFB /* bc.plist in Resources */,
				4B9A26B71932E53600319748 /* Main_iPad.storyboard in Resources */,
				4B96682218D5E2D100C94357 /* config.plist in Resources */,
				4BB566D818EC580B00DA2439 /* placeholder.png in Resources */,
				4B8208F018E1CBE3009E4E0D /* Default-568h@2x.png in Resources */,
				4BB566DA18EC5A7400DA2439 /* screen_placeholder.png in Resources */,
				4BBA286718F1A78300453DD5 /* refresh_pull.caf in Resources */,
				4B30722E18D59EFC00A77771 /* Images.xcassets in Resources */,
				4B30722018D59EFC00A77771 /* InfoPlist.strings in Resources */,
				4B30722918D59EFC00A77771 /* Main_iPhone.storyboard in Resources */,
				4BBA286818F1A78300453DD5 /* refresh_release.caf in Resources */,
				4B8208EF18E1CBE3009E4E0D /* Default@2x.png in Resources */,
			);
			runOnlyForDeploymentPostprocessing = 0;
		};
		4B30723118D59EFC00A77771 /* Resources */ = {
			isa = PBXResourcesBuildPhase;
			buildActionMask = 2147483647;
			files = (
				4B30723F18D59EFC00A77771 /* InfoPlist.strings in Resources */,
			);
			runOnlyForDeploymentPostprocessing = 0;
		};
/* End PBXResourcesBuildPhase section */

/* Begin PBXSourcesBuildPhase section */
		4B30720E18D59EFC00A77771 /* Sources */ = {
			isa = PBXSourcesBuildPhase;
			buildActionMask = 2147483647;
			files = (
				4B8AD21418DEC748008707BF /* iplbUserLoginViewController.m in Sources */,
				4BD5CE1C18E40E2C00CD75D8 /* ASIAuthenticationDialog.m in Sources */,
				4BB36958190B846600D41FD3 /* ReflectionView.m in Sources */,
				4B2A98051952831B0093ADE4 /* iplbiPadNewsListTableViewController.m in Sources */,
				4B2A980219527F2C0093ADE4 /* iplbLabelFilterTableViewController.m in Sources */,
				4B16F0A218E4683F0050AB6F /* iplbBaseRepository.m in Sources */,
				4BDD7822193EF9EA0082E68E /* iplbiPadMenuTableViewController.m in Sources */,
				4B96681718D5A62700C94357 /* iplbNewsListViewController.m in Sources */,
				4B89C2C218DBCEDF009D4963 /* iplbNewsRepository.m in Sources */,
				4B256AF818E3C907003081E6 /* iplbOperationResult.m in Sources */,
				4BD5CE1E18E40E2C00CD75D8 /* ASIDataDecompressor.m in Sources */,
				4B30722218D59EFC00A77771 /* main.m in Sources */,
				4BB36953190B651F00D41FD3 /* iplbScreenshotsGalleryViewController.m in Sources */,
				4BB36950190B5C8700D41FD3 /* iCarousel.m in Sources */,
				4B30722618D59EFC00A77771 /* iplbAppDelegate.m in Sources */,
				4B2F84B81915DF0800815F32 /* iplbScreenshotDetailViewController.m in Sources */,
				4B7CDC1218D5A07400D6E4B2 /* iplbProjectDetail.m in Sources */,
				4B89C2BC18DBC7B7009D4963 /* iplbNewsDetailViewController.m in Sources */,
				4BD5CE2418E40E2C00CD75D8 /* Reachability.m in Sources */,
				4BF07FC6193DAE6500ED747A /* iplbiPadProjectListTableViewController.m in Sources */,
				4BD5CE2318E40E2C00CD75D8 /* ASINetworkQueue.m in Sources */,
				4B3752ED18D749B500290BC5 /* iplbProjectDetailViewController.m in Sources */,
				4BF6F9F9195927DD0037F5F0 /* iplbiPadNewContentViewController.m in Sources */,
				4B7987EE1953DCE600EC5D2C /* iplbiPadProjectDetailViewController.m in Sources */,
				4BD5CE2118E40E2C00CD75D8 /* ASIHTTPRequest.m in Sources */,
				4BAF6CF518DD884D0048BB66 /* iplbProjectCategoriesViewController.m in Sources */,
				4B16F0A518E475AC0050AB6F /* iplbProjectCategoryRepository.m in Sources */,
				4B5FD3C618E6AAEE0075CF85 /* iplbUserPasswordModifyViewController.m in Sources */,
				4BD5CE1F18E40E2C00CD75D8 /* ASIDownloadCache.m in Sources */,
				4BF07FC9193DB43E00ED747A /* iplbiPadProjectListTableViewCell.m in Sources */,
				4BB1619118EDB917001F3018 /* UIImage+ImageScaleAndRoundConner.m in Sources */,
				4BD5CE1D18E40E2C00CD75D8 /* ASIDataCompressor.m in Sources */,
				4B7F29BC18EE4B51004C51B0 /* iplbProjectListTableCellTableViewCell.m in Sources */,
				4B96682018D5D5DD00C94357 /* iplbProjectsRepository.m in Sources */,
				4BD5CE2018E40E2C00CD75D8 /* ASIFormDataRequest.m in Sources */,
				4B89C2BF18DBC952009D4963 /* iplbNews.m in Sources */,
				4BD5CE2218E40E2C00CD75D8 /* ASIInputStream.m in Sources */,
				4B16F0A818E4770E0050AB6F /* iplbProjectCategory.m in Sources */,
				4B96682818D5E3F000C94357 /* iplbConfiguration.m in Sources */,
				4B2A98081952BBA20093ADE4 /* iplbProjectLabelRepository.m in Sources */,
				4B9667D018D5A59400C94357 /* iplbProjectListViewController.m in Sources */,
				4B2A980B1952BBF80093ADE4 /* iplbProjectLabel.m in Sources */,
				4BAD887318E2AFFC005983BA /* iplbUserService.m in Sources */,
			);
			runOnlyForDeploymentPostprocessing = 0;
		};
		4B30722F18D59EFC00A77771 /* Sources */ = {
			isa = PBXSourcesBuildPhase;
			buildActionMask = 2147483647;
			files = (
				4B30724118D59EFC00A77771 /* InfoProjectLibBrowserTests.m in Sources */,
			);
			runOnlyForDeploymentPostprocessing = 0;
		};
/* End PBXSourcesBuildPhase section */

/* Begin PBXTargetDependency section */
		4B30723918D59EFC00A77771 /* PBXTargetDependency */ = {
			isa = PBXTargetDependency;
			target = 4B30721118D59EFC00A77771 /* InfoProjectLibBrowser */;
			targetProxy = 4B30723818D59EFC00A77771 /* PBXContainerItemProxy */;
		};
/* End PBXTargetDependency section */

/* Begin PBXVariantGroup section */
		4B30721E18D59EFC00A77771 /* InfoPlist.strings */ = {
			isa = PBXVariantGroup;
			children = (
				4B30721F18D59EFC00A77771 /* en */,
			);
			name = InfoPlist.strings;
			sourceTree = "<group>";
		};
		4B30722718D59EFC00A77771 /* Main_iPhone.storyboard */ = {
			isa = PBXVariantGroup;
			children = (
				4B30722818D59EFC00A77771 /* Base */,
			);
			name = Main_iPhone.storyboard;
			sourceTree = "<group>";
		};
		4B30723D18D59EFC00A77771 /* InfoPlist.strings */ = {
			isa = PBXVariantGroup;
			children = (
				4B30723E18D59EFC00A77771 /* en */,
			);
			name = InfoPlist.strings;
			sourceTree = "<group>";
		};
/* End PBXVariantGroup section */

/* Begin XCBuildConfiguration section */
		4B30724218D59EFC00A77771 /* Debug */ = {
			isa = XCBuildConfiguration;
			buildSettings = {
				ALWAYS_SEARCH_USER_PATHS = NO;
				ARCHS = "$(ARCHS_STANDARD_INCLUDING_64_BIT)";
				CLANG_CXX_LANGUAGE_STANDARD = "gnu++0x";
				CLANG_CXX_LIBRARY = "libc++";
				CLANG_ENABLE_MODULES = YES;
				CLANG_ENABLE_OBJC_ARC = YES;
				CLANG_WARN_BOOL_CONVERSION = YES;
				CLANG_WARN_CONSTANT_CONVERSION = YES;
				CLANG_WARN_DIRECT_OBJC_ISA_USAGE = YES_ERROR;
				CLANG_WARN_EMPTY_BODY = YES;
				CLANG_WARN_ENUM_CONVERSION = YES;
				CLANG_WARN_INT_CONVERSION = YES;
				CLANG_WARN_OBJC_ROOT_CLASS = YES_ERROR;
				CLANG_WARN__DUPLICATE_METHOD_MATCH = YES;
				"CODE_SIGN_IDENTITY[sdk=iphoneos*]" = "iPhone Developer";
				COPY_PHASE_STRIP = NO;
				GCC_C_LANGUAGE_STANDARD = gnu99;
				GCC_DYNAMIC_NO_PIC = NO;
				GCC_OPTIMIZATION_LEVEL = 0;
				GCC_PREPROCESSOR_DEFINITIONS = (
					"DEBUG=1",
					"$(inherited)",
				);
				GCC_SYMBOLS_PRIVATE_EXTERN = NO;
				GCC_WARN_64_TO_32_BIT_CONVERSION = YES;
				GCC_WARN_ABOUT_RETURN_TYPE = YES_ERROR;
				GCC_WARN_UNDECLARED_SELECTOR = YES;
				GCC_WARN_UNINITIALIZED_AUTOS = YES;
				GCC_WARN_UNUSED_FUNCTION = YES;
				GCC_WARN_UNUSED_VARIABLE = YES;
				IPHONEOS_DEPLOYMENT_TARGET = 7.0;
				ONLY_ACTIVE_ARCH = YES;
				SDKROOT = iphoneos;
			};
			name = Debug;
		};
		4B30724318D59EFC00A77771 /* Release */ = {
			isa = XCBuildConfiguration;
			buildSettings = {
				ALWAYS_SEARCH_USER_PATHS = NO;
				ARCHS = "$(ARCHS_STANDARD_INCLUDING_64_BIT)";
				CLANG_CXX_LANGUAGE_STANDARD = "gnu++0x";
				CLANG_CXX_LIBRARY = "libc++";
				CLANG_ENABLE_MODULES = YES;
				CLANG_ENABLE_OBJC_ARC = YES;
				CLANG_WARN_BOOL_CONVERSION = YES;
				CLANG_WARN_CONSTANT_CONVERSION = YES;
				CLANG_WARN_DIRECT_OBJC_ISA_USAGE = YES_ERROR;
				CLANG_WARN_EMPTY_BODY = YES;
				CLANG_WARN_ENUM_CONVERSION = YES;
				CLANG_WARN_INT_CONVERSION = YES;
				CLANG_WARN_OBJC_ROOT_CLASS = YES_ERROR;
				CLANG_WARN__DUPLICATE_METHOD_MATCH = YES;
				"CODE_SIGN_IDENTITY[sdk=iphoneos*]" = "iPhone Developer";
				COPY_PHASE_STRIP = YES;
				ENABLE_NS_ASSERTIONS = NO;
				GCC_C_LANGUAGE_STANDARD = gnu99;
				GCC_WARN_64_TO_32_BIT_CONVERSION = YES;
				GCC_WARN_ABOUT_RETURN_TYPE = YES_ERROR;
				GCC_WARN_UNDECLARED_SELECTOR = YES;
				GCC_WARN_UNINITIALIZED_AUTOS = YES;
				GCC_WARN_UNUSED_FUNCTION = YES;
				GCC_WARN_UNUSED_VARIABLE = YES;
				IPHONEOS_DEPLOYMENT_TARGET = 7.0;
				SDKROOT = iphoneos;
				VALIDATE_PRODUCT = YES;
			};
			name = Release;
		};
		4B30724518D59EFC00A77771 /* Debug */ = {
			isa = XCBuildConfiguration;
			buildSettings = {
				ASSETCATALOG_COMPILER_APPICON_NAME = AppIcon;
				ASSETCATALOG_COMPILER_LAUNCHIMAGE_NAME = LaunchImage;
				CODE_SIGN_IDENTITY = "iPhone Developer";
				"CODE_SIGN_IDENTITY[sdk=iphoneos*]" = "iPhone Developer";
				FRAMEWORK_SEARCH_PATHS = (
					"$(inherited)",
					/Users/jinyanhua/Develop/workspaces/iOS_workspace/InfoProjectLibBrowser,
					/Users/jinyanhua/Develop/Workspaces/iOSDevWorkspace/InfoProjectLibBrowser,
				);
				GCC_PRECOMPILE_PREFIX_HEADER = YES;
				GCC_PREFIX_HEADER = "InfoProjectLibBrowser/InfoProjectLibBrowser-Prefix.pch";
				INFOPLIST_FILE = "InfoProjectLibBrowser/InfoProjectLibBrowser-Info.plist";
				IPHONEOS_DEPLOYMENT_TARGET = 7.0;
				OTHER_LDFLAGS = "-ObjC";
				PRODUCT_NAME = "营销小助手";
				PROVISIONING_PROFILE = "";
				TARGETED_DEVICE_FAMILY = "1,2";
				WRAPPER_EXTENSION = app;
			};
			name = Debug;
		};
		4B30724618D59EFC00A77771 /* Release */ = {
			isa = XCBuildConfiguration;
			buildSettings = {
				ASSETCATALOG_COMPILER_APPICON_NAME = AppIcon;
				ASSETCATALOG_COMPILER_LAUNCHIMAGE_NAME = LaunchImage;
				CODE_SIGN_IDENTITY = "iPhone Developer";
				"CODE_SIGN_IDENTITY[sdk=iphoneos*]" = "iPhone Developer";
				FRAMEWORK_SEARCH_PATHS = (
					"$(inherited)",
					/Users/jinyanhua/Develop/workspaces/iOS_workspace/InfoProjectLibBrowser,
					/Users/jinyanhua/Develop/Workspaces/iOSDevWorkspace/InfoProjectLibBrowser,
				);
				GCC_PRECOMPILE_PREFIX_HEADER = YES;
				GCC_PREFIX_HEADER = "InfoProjectLibBrowser/InfoProjectLibBrowser-Prefix.pch";
				INFOPLIST_FILE = "InfoProjectLibBrowser/InfoProjectLibBrowser-Info.plist";
				IPHONEOS_DEPLOYMENT_TARGET = 7.0;
				OTHER_LDFLAGS = "-ObjC";
				PRODUCT_NAME = "营销小助手";
				PROVISIONING_PROFILE = "";
				TARGETED_DEVICE_FAMILY = "1,2";
				WRAPPER_EXTENSION = app;
			};
			name = Release;
		};
		4B30724818D59EFC00A77771 /* Debug */ = {
			isa = XCBuildConfiguration;
			buildSettings = {
				ARCHS = "$(ARCHS_STANDARD_INCLUDING_64_BIT)";
				BUNDLE_LOADER = "$(BUILT_PRODUCTS_DIR)/InfoProjectLibBrowser.app/InfoProjectLibBrowser";
				FRAMEWORK_SEARCH_PATHS = (
					"$(SDKROOT)/Developer/Library/Frameworks",
					"$(inherited)",
					"$(DEVELOPER_FRAMEWORKS_DIR)",
				);
				GCC_PRECOMPILE_PREFIX_HEADER = YES;
				GCC_PREFIX_HEADER = "InfoProjectLibBrowser/InfoProjectLibBrowser-Prefix.pch";
				GCC_PREPROCESSOR_DEFINITIONS = (
					"DEBUG=1",
					"$(inherited)",
				);
				INFOPLIST_FILE = "InfoProjectLibBrowserTests/InfoProjectLibBrowserTests-Info.plist";
				PRODUCT_NAME = "$(TARGET_NAME)";
				TEST_HOST = "$(BUNDLE_LOADER)";
				WRAPPER_EXTENSION = xctest;
			};
			name = Debug;
		};
		4B30724918D59EFC00A77771 /* Release */ = {
			isa = XCBuildConfiguration;
			buildSettings = {
				ARCHS = "$(ARCHS_STANDARD_INCLUDING_64_BIT)";
				BUNDLE_LOADER = "$(BUILT_PRODUCTS_DIR)/InfoProjectLibBrowser.app/InfoProjectLibBrowser";
				FRAMEWORK_SEARCH_PATHS = (
					"$(SDKROOT)/Developer/Library/Frameworks",
					"$(inherited)",
					"$(DEVELOPER_FRAMEWORKS_DIR)",
				);
				GCC_PRECOMPILE_PREFIX_HEADER = YES;
				GCC_PREFIX_HEADER = "InfoProjectLibBrowser/InfoProjectLibBrowser-Prefix.pch";
				INFOPLIST_FILE = "InfoProjectLibBrowserTests/InfoProjectLibBrowserTests-Info.plist";
				PRODUCT_NAME = "$(TARGET_NAME)";
				TEST_HOST = "$(BUNDLE_LOADER)";
				WRAPPER_EXTENSION = xctest;
			};
			name = Release;
		};
/* End XCBuildConfiguration section */

/* Begin XCConfigurationList section */
		4B30720D18D59EFC00A77771 /* Build configuration list for PBXProject "InfoProjectLibBrowser" */ = {
			isa = XCConfigurationList;
			buildConfigurations = (
				4B30724218D59EFC00A77771 /* Debug */,
				4B30724318D59EFC00A77771 /* Release */,
			);
			defaultConfigurationIsVisible = 0;
			defaultConfigurationName = Release;
		};
		4B30724418D59EFC00A77771 /* Build configuration list for PBXNativeTarget "InfoProjectLibBrowser" */ = {
			isa = XCConfigurationList;
			buildConfigurations = (
				4B30724518D59EFC00A77771 /* Debug */,
				4B30724618D59EFC00A77771 /* Release */,
			);
			defaultConfigurationIsVisible = 0;
			defaultConfigurationName = Release;
		};
		4B30724718D59EFC00A77771 /* Build configuration list for PBXNativeTarget "InfoProjectLibBrowserTests" */ = {
			isa = XCConfigurationList;
			buildConfigurations = (
				4B30724818D59EFC00A77771 /* Debug */,
				4B30724918D59EFC00A77771 /* Release */,
			);
			defaultConfigurationIsVisible = 0;
			defaultConfigurationName = Release;
		};
/* End XCConfigurationList section */
	};
	rootObject = 4B30720A18D59EFC00A77771 /* Project object */;
}
