// !$*UTF8*$!
{
	archiveVersion = 1;
	classes = {
	};
	objectVersion = 46;
	objects = {

/* Begin PBXBuildFile section */
		4B30721618D59EFC00A77771 /* Foundation.framework in Frameworks */ = {isa = PBXBuildFile; fileRef = 4B30721518D59EFC00A77771 /* Foundation.framework */; };
		4B30721818D59EFC00A77771 /* CoreGraphics.framework in Frameworks */ = {isa = PBXBuildFile; fileRef = 4B30721718D59EFC00A77771 /* CoreGraphics.framework */; };
		4B30721A18D59EFC00A77771 /* UIKit.framework in Frameworks */ = {isa = PBXBuildFile; fileRef = 4B30721918D59EFC00A77771 /* UIKit.framework */; };
		4B30722018D59EFC00A77771 /* InfoPlist.strings in Resources */ = {isa = PBXBuildFile; fileRef = 4B30721E18D59EFC00A77771 /* InfoPlist.strings */; };
		4B30722218D59EFC00A77771 /* main.m in Sources */ = {isa = PBXBuildFile; fileRef = 4B30722118D59EFC00A77771 /* main.m */; };
		4B30722618D59EFC00A77771 /* iplbAppDelegate.m in Sources */ = {isa = PBXBuildFile; fileRef = 4B30722518D59EFC00A77771 /* iplbAppDelegate.m */; };
		4B30722918D59EFC00A77771 /* Main.storyboard in Resources */ = {isa = PBXBuildFile; fileRef = 4B30722718D59EFC00A77771 /* Main.storyboard */; };
		4B30722E18D59EFC00A77771 /* Images.xcassets in Resources */ = {isa = PBXBuildFile; fileRef = 4B30722D18D59EFC00A77771 /* Images.xcassets */; };
		4B30723518D59EFC00A77771 /* XCTest.framework in Frameworks */ = {isa = PBXBuildFile; fileRef = 4B30723418D59EFC00A77771 /* XCTest.framework */; };
		4B30723618D59EFC00A77771 /* Foundation.framework in Frameworks */ = {isa = PBXBuildFile; fileRef = 4B30721518D59EFC00A77771 /* Foundation.framework */; };
		4B30723718D59EFC00A77771 /* UIKit.framework in Frameworks */ = {isa = PBXBuildFile; fileRef = 4B30721918D59EFC00A77771 /* UIKit.framework */; };
		4B30723F18D59EFC00A77771 /* InfoPlist.strings in Resources */ = {isa = PBXBuildFile; fileRef = 4B30723D18D59EFC00A77771 /* InfoPlist.strings */; };
		4B30724118D59EFC00A77771 /* InfoProjectLibBrowserTests.m in Sources */ = {isa = PBXBuildFile; fileRef = 4B30724018D59EFC00A77771 /* InfoProjectLibBrowserTests.m */; };
		4B3752ED18D749B500290BC5 /* iplbProjectDetailViewController.m in Sources */ = {isa = PBXBuildFile; fileRef = 4B3752EC18D749B500290BC5 /* iplbProjectDetailViewController.m */; };
		4B7CDC1218D5A07400D6E4B2 /* iplbProjectDetail.m in Sources */ = {isa = PBXBuildFile; fileRef = 4B7CDC1118D5A07400D6E4B2 /* iplbProjectDetail.m */; };
		4B8208EF18E1CBE3009E4E0D /* Default@2x.png in Resources */ = {isa = PBXBuildFile; fileRef = 4B8208ED18E1CBE3009E4E0D /* Default@2x.png */; };
		4B8208F018E1CBE3009E4E0D /* Default-568h@2x.png in Resources */ = {isa = PBXBuildFile; fileRef = 4B8208EE18E1CBE3009E4E0D /* Default-568h@2x.png */; };
		4B89C2BC18DBC7B7009D4963 /* iplbNewsDetailViewController.m in Sources */ = {isa = PBXBuildFile; fileRef = 4B89C2BB18DBC7B7009D4963 /* iplbNewsDetailViewController.m */; };
		4B89C2BF18DBC952009D4963 /* iplbNews.m in Sources */ = {isa = PBXBuildFile; fileRef = 4B89C2BE18DBC952009D4963 /* iplbNews.m */; };
		4B89C2C218DBCEDF009D4963 /* iplbNewsRepository.m in Sources */ = {isa = PBXBuildFile; fileRef = 4B89C2C118DBCEDF009D4963 /* iplbNewsRepository.m */; };
		4B8AD21418DEC748008707BF /* iplbUserLoginViewController.m in Sources */ = {isa = PBXBuildFile; fileRef = 4B8AD21318DEC748008707BF /* iplbUserLoginViewController.m */; };
		4B9667D018D5A59400C94357 /* iplbProjectListViewController.m in Sources */ = {isa = PBXBuildFile; fileRef = 4B9667CF18D5A59400C94357 /* iplbProjectListViewController.m */; };
		4B96681718D5A62700C94357 /* iplbNewsListViewController.m in Sources */ = {isa = PBXBuildFile; fileRef = 4B96681618D5A62700C94357 /* iplbNewsListViewController.m */; };
		4B96681A18D5AB3F00C94357 /* news.png in Resources */ = {isa = PBXBuildFile; fileRef = 4B96681818D5AB3F00C94357 /* news.png */; };
		4B96681B18D5AB3F00C94357 /* projects.png in Resources */ = {isa = PBXBuildFile; fileRef = 4B96681918D5AB3F00C94357 /* projects.png */; };
		4B96682018D5D5DD00C94357 /* iplbProjectsRepository.m in Sources */ = {isa = PBXBuildFile; fileRef = 4B96681F18D5D5DD00C94357 /* iplbProjectsRepository.m */; };
		4B96682218D5E2D100C94357 /* config.plist in Resources */ = {isa = PBXBuildFile; fileRef = 4B96682118D5E2D100C94357 /* config.plist */; };
		4B96682818D5E3F000C94357 /* iplbConfiguration.m in Sources */ = {isa = PBXBuildFile; fileRef = 4B96682718D5E3F000C94357 /* iplbConfiguration.m */; };
		4BAF6CF518DD884D0048BB66 /* iplbProjectCategoriesViewController.m in Sources */ = {isa = PBXBuildFile; fileRef = 4BAF6CF418DD884D0048BB66 /* iplbProjectCategoriesViewController.m */; };
/* End PBXBuildFile section */

/* Begin PBXContainerItemProxy section */
		4B30723818D59EFC00A77771 /* PBXContainerItemProxy */ = {
			isa = PBXContainerItemProxy;
			containerPortal = 4B30720A18D59EFC00A77771 /* Project object */;
			proxyType = 1;
			remoteGlobalIDString = 4B30721118D59EFC00A77771;
			remoteInfo = InfoProjectLibBrowser;
		};
/* End PBXContainerItemProxy section */

/* Begin PBXFileReference section */
		4B30721218D59EFC00A77771 /* InfoProjectLibBrowser.app */ = {isa = PBXFileReference; explicitFileType = wrapper.application; includeInIndex = 0; path = InfoProjectLibBrowser.app; sourceTree = BUILT_PRODUCTS_DIR; };
		4B30721518D59EFC00A77771 /* Foundation.framework */ = {isa = PBXFileReference; lastKnownFileType = wrapper.framework; name = Foundation.framework; path = System/Library/Frameworks/Foundation.framework; sourceTree = SDKROOT; };
		4B30721718D59EFC00A77771 /* CoreGraphics.framework */ = {isa = PBXFileReference; lastKnownFileType = wrapper.framework; name = CoreGraphics.framework; path = System/Library/Frameworks/CoreGraphics.framework; sourceTree = SDKROOT; };
		4B30721918D59EFC00A77771 /* UIKit.framework */ = {isa = PBXFileReference; lastKnownFileType = wrapper.framework; name = UIKit.framework; path = System/Library/Frameworks/UIKit.framework; sourceTree = SDKROOT; };
		4B30721D18D59EFC00A77771 /* InfoProjectLibBrowser-Info.plist */ = {isa = PBXFileReference; lastKnownFileType = text.plist.xml; path = "InfoProjectLibBrowser-Info.plist"; sourceTree = "<group>"; };
		4B30721F18D59EFC00A77771 /* en */ = {isa = PBXFileReference; lastKnownFileType = text.plist.strings; name = en; path = en.lproj/InfoPlist.strings; sourceTree = "<group>"; };
		4B30722118D59EFC00A77771 /* main.m */ = {isa = PBXFileReference; lastKnownFileType = sourcecode.c.objc; path = main.m; sourceTree = "<group>"; };
		4B30722318D59EFC00A77771 /* InfoProjectLibBrowser-Prefix.pch */ = {isa = PBXFileReference; lastKnownFileType = sourcecode.c.h; path = "InfoProjectLibBrowser-Prefix.pch"; sourceTree = "<group>"; };
		4B30722418D59EFC00A77771 /* iplbAppDelegate.h */ = {isa = PBXFileReference; lastKnownFileType = sourcecode.c.h; path = iplbAppDelegate.h; sourceTree = "<group>"; };
		4B30722518D59EFC00A77771 /* iplbAppDelegate.m */ = {isa = PBXFileReference; lastKnownFileType = sourcecode.c.objc; path = iplbAppDelegate.m; sourceTree = "<group>"; };
		4B30722818D59EFC00A77771 /* Base */ = {isa = PBXFileReference; lastKnownFileType = file.storyboard; name = Base; path = Base.lproj/Main.storyboard; sourceTree = "<group>"; };
		4B30722D18D59EFC00A77771 /* Images.xcassets */ = {isa = PBXFileReference; lastKnownFileType = folder.assetcatalog; path = Images.xcassets; sourceTree = "<group>"; };
		4B30723318D59EFC00A77771 /* InfoProjectLibBrowserTests.xctest */ = {isa = PBXFileReference; explicitFileType = wrapper.cfbundle; includeInIndex = 0; path = InfoProjectLibBrowserTests.xctest; sourceTree = BUILT_PRODUCTS_DIR; };
		4B30723418D59EFC00A77771 /* XCTest.framework */ = {isa = PBXFileReference; lastKnownFileType = wrapper.framework; name = XCTest.framework; path = Library/Frameworks/XCTest.framework; sourceTree = DEVELOPER_DIR; };
		4B30723C18D59EFC00A77771 /* InfoProjectLibBrowserTests-Info.plist */ = {isa = PBXFileReference; lastKnownFileType = text.plist.xml; path = "InfoProjectLibBrowserTests-Info.plist"; sourceTree = "<group>"; };
		4B30723E18D59EFC00A77771 /* en */ = {isa = PBXFileReference; lastKnownFileType = text.plist.strings; name = en; path = en.lproj/InfoPlist.strings; sourceTree = "<group>"; };
		4B30724018D59EFC00A77771 /* InfoProjectLibBrowserTests.m */ = {isa = PBXFileReference; lastKnownFileType = sourcecode.c.objc; path = InfoProjectLibBrowserTests.m; sourceTree = "<group>"; };
		4B3752EB18D749B500290BC5 /* iplbProjectDetailViewController.h */ = {isa = PBXFileReference; fileEncoding = 4; lastKnownFileType = sourcecode.c.h; name = iplbProjectDetailViewController.h; path = InfoProjectLibBrowser/iplbProjectDetailViewController.h; sourceTree = "<group>"; };
		4B3752EC18D749B500290BC5 /* iplbProjectDetailViewController.m */ = {isa = PBXFileReference; fileEncoding = 4; lastKnownFileType = sourcecode.c.objc; name = iplbProjectDetailViewController.m; path = InfoProjectLibBrowser/iplbProjectDetailViewController.m; sourceTree = "<group>"; };
		4B7CDC1018D5A07400D6E4B2 /* iplbProjectDetail.h */ = {isa = PBXFileReference; fileEncoding = 4; lastKnownFileType = sourcecode.c.h; path = iplbProjectDetail.h; sourceTree = "<group>"; };
		4B7CDC1118D5A07400D6E4B2 /* iplbProjectDetail.m */ = {isa = PBXFileReference; fileEncoding = 4; lastKnownFileType = sourcecode.c.objc; path = iplbProjectDetail.m; sourceTree = "<group>"; };
		4B8208ED18E1CBE3009E4E0D /* Default@2x.png */ = {isa = PBXFileReference; lastKnownFileType = image.png; path = "Default@2x.png"; sourceTree = "<group>"; };
		4B8208EE18E1CBE3009E4E0D /* Default-568h@2x.png */ = {isa = PBXFileReference; lastKnownFileType = image.png; path = "Default-568h@2x.png"; sourceTree = "<group>"; };
		4B89C2BA18DBC7B7009D4963 /* iplbNewsDetailViewController.h */ = {isa = PBXFileReference; fileEncoding = 4; lastKnownFileType = sourcecode.c.h; name = iplbNewsDetailViewController.h; path = InfoProjectLibBrowser/iplbNewsDetailViewController.h; sourceTree = "<group>"; };
		4B89C2BB18DBC7B7009D4963 /* iplbNewsDetailViewController.m */ = {isa = PBXFileReference; fileEncoding = 4; lastKnownFileType = sourcecode.c.objc; name = iplbNewsDetailViewController.m; path = InfoProjectLibBrowser/iplbNewsDetailViewController.m; sourceTree = "<group>"; };
		4B89C2BD18DBC952009D4963 /* iplbNews.h */ = {isa = PBXFileReference; fileEncoding = 4; lastKnownFileType = sourcecode.c.h; path = iplbNews.h; sourceTree = "<group>"; };
		4B89C2BE18DBC952009D4963 /* iplbNews.m */ = {isa = PBXFileReference; fileEncoding = 4; lastKnownFileType = sourcecode.c.objc; path = iplbNews.m; sourceTree = "<group>"; };
		4B89C2C018DBCEDF009D4963 /* iplbNewsRepository.h */ = {isa = PBXFileReference; fileEncoding = 4; lastKnownFileType = sourcecode.c.h; path = iplbNewsRepository.h; sourceTree = "<group>"; };
		4B89C2C118DBCEDF009D4963 /* iplbNewsRepository.m */ = {isa = PBXFileReference; fileEncoding = 4; lastKnownFileType = sourcecode.c.objc; path = iplbNewsRepository.m; sourceTree = "<group>"; };
		4B8AD21218DEC748008707BF /* iplbUserLoginViewController.h */ = {isa = PBXFileReference; fileEncoding = 4; lastKnownFileType = sourcecode.c.h; name = iplbUserLoginViewController.h; path = InfoProjectLibBrowser/iplbUserLoginViewController.h; sourceTree = "<group>"; };
		4B8AD21318DEC748008707BF /* iplbUserLoginViewController.m */ = {isa = PBXFileReference; fileEncoding = 4; lastKnownFileType = sourcecode.c.objc; name = iplbUserLoginViewController.m; path = InfoProjectLibBrowser/iplbUserLoginViewController.m; sourceTree = "<group>"; };
		4B9667CE18D5A59400C94357 /* iplbProjectListViewController.h */ = {isa = PBXFileReference; fileEncoding = 4; lastKnownFileType = sourcecode.c.h; name = iplbProjectListViewController.h; path = InfoProjectLibBrowser/iplbProjectListViewController.h; sourceTree = "<group>"; };
		4B9667CF18D5A59400C94357 /* iplbProjectListViewController.m */ = {isa = PBXFileReference; fileEncoding = 4; lastKnownFileType = sourcecode.c.objc; name = iplbProjectListViewController.m; path = InfoProjectLibBrowser/iplbProjectListViewController.m; sourceTree = "<group>"; };
		4B96681518D5A62700C94357 /* iplbNewsListViewController.h */ = {isa = PBXFileReference; fileEncoding = 4; lastKnownFileType = sourcecode.c.h; name = iplbNewsListViewController.h; path = InfoProjectLibBrowser/iplbNewsListViewController.h; sourceTree = "<group>"; };
		4B96681618D5A62700C94357 /* iplbNewsListViewController.m */ = {isa = PBXFileReference; fileEncoding = 4; lastKnownFileType = sourcecode.c.objc; name = iplbNewsListViewController.m; path = InfoProjectLibBrowser/iplbNewsListViewController.m; sourceTree = "<group>"; };
		4B96681818D5AB3F00C94357 /* news.png */ = {isa = PBXFileReference; lastKnownFileType = image.png; path = news.png; sourceTree = "<group>"; };
		4B96681918D5AB3F00C94357 /* projects.png */ = {isa = PBXFileReference; lastKnownFileType = image.png; path = projects.png; sourceTree = "<group>"; };
		4B96681E18D5D5DD00C94357 /* iplbProjectsRepository.h */ = {isa = PBXFileReference; fileEncoding = 4; lastKnownFileType = sourcecode.c.h; path = iplbProjectsRepository.h; sourceTree = "<group>"; };
		4B96681F18D5D5DD00C94357 /* iplbProjectsRepository.m */ = {isa = PBXFileReference; fileEncoding = 4; lastKnownFileType = sourcecode.c.objc; path = iplbProjectsRepository.m; sourceTree = "<group>"; };
		4B96682118D5E2D100C94357 /* config.plist */ = {isa = PBXFileReference; fileEncoding = 4; lastKnownFileType = text.plist.xml; path = config.plist; sourceTree = "<group>"; };
		4B96682618D5E3F000C94357 /* iplbConfiguration.h */ = {isa = PBXFileReference; fileEncoding = 4; lastKnownFileType = sourcecode.c.h; path = iplbConfiguration.h; sourceTree = "<group>"; };
		4B96682718D5E3F000C94357 /* iplbConfiguration.m */ = {isa = PBXFileReference; fileEncoding = 4; lastKnownFileType = sourcecode.c.objc; path = iplbConfiguration.m; sourceTree = "<group>"; };
		4BAF6CF318DD884D0048BB66 /* iplbProjectCategoriesViewController.h */ = {isa = PBXFileReference; fileEncoding = 4; lastKnownFileType = sourcecode.c.h; name = iplbProjectCategoriesViewController.h; path = InfoProjectLibBrowser/iplbProjectCategoriesViewController.h; sourceTree = "<group>"; };
		4BAF6CF418DD884D0048BB66 /* iplbProjectCategoriesViewController.m */ = {isa = PBXFileReference; fileEncoding = 4; lastKnownFileType = sourcecode.c.objc; name = iplbProjectCategoriesViewController.m; path = InfoProjectLibBrowser/iplbProjectCategoriesViewController.m; sourceTree = "<group>"; };
/* End PBXFileReference section */

/* Begin PBXFrameworksBuildPhase section */
		4B30720F18D59EFC00A77771 /* Frameworks */ = {
			isa = PBXFrameworksBuildPhase;
			buildActionMask = 2147483647;
			files = (
				4B30721818D59EFC00A77771 /* CoreGraphics.framework in Frameworks */,
				4B30721A18D59EFC00A77771 /* UIKit.framework in Frameworks */,
				4B30721618D59EFC00A77771 /* Foundation.framework in Frameworks */,
			);
			runOnlyForDeploymentPostprocessing = 0;
		};
		4B30723018D59EFC00A77771 /* Frameworks */ = {
			isa = PBXFrameworksBuildPhase;
			buildActionMask = 2147483647;
			files = (
				4B30723518D59EFC00A77771 /* XCTest.framework in Frameworks */,
				4B30723718D59EFC00A77771 /* UIKit.framework in Frameworks */,
				4B30723618D59EFC00A77771 /* Foundation.framework in Frameworks */,
			);
			runOnlyForDeploymentPostprocessing = 0;
		};
/* End PBXFrameworksBuildPhase section */

/* Begin PBXGroup section */
		4B30720918D59EFC00A77771 = {
			isa = PBXGroup;
			children = (
				4B30721B18D59EFC00A77771 /* InfoProjectLibBrowser */,
				4B9667CD18D5A54E00C94357 /* Resources */,
				4B9667CC18D5A53700C94357 /* ViewControllers */,
				4B30723A18D59EFC00A77771 /* InfoProjectLibBrowserTests */,
				4B30721418D59EFC00A77771 /* Frameworks */,
				4B30721318D59EFC00A77771 /* Products */,
			);
			sourceTree = "<group>";
		};
		4B30721318D59EFC00A77771 /* Products */ = {
			isa = PBXGroup;
			children = (
				4B30721218D59EFC00A77771 /* InfoProjectLibBrowser.app */,
				4B30723318D59EFC00A77771 /* InfoProjectLibBrowserTests.xctest */,
			);
			name = Products;
			sourceTree = "<group>";
		};
		4B30721418D59EFC00A77771 /* Frameworks */ = {
			isa = PBXGroup;
			children = (
				4B30721518D59EFC00A77771 /* Foundation.framework */,
				4B30721718D59EFC00A77771 /* CoreGraphics.framework */,
				4B30721918D59EFC00A77771 /* UIKit.framework */,
				4B30723418D59EFC00A77771 /* XCTest.framework */,
			);
			name = Frameworks;
			sourceTree = "<group>";
		};
		4B30721B18D59EFC00A77771 /* InfoProjectLibBrowser */ = {
			isa = PBXGroup;
			children = (
				4B30722418D59EFC00A77771 /* iplbAppDelegate.h */,
				4B30722518D59EFC00A77771 /* iplbAppDelegate.m */,
				4B30722718D59EFC00A77771 /* Main.storyboard */,
				4B30722D18D59EFC00A77771 /* Images.xcassets */,
				4B30721C18D59EFC00A77771 /* Supporting Files */,
				4B96681D18D5C80700C94357 /* Models */,
			);
			path = InfoProjectLibBrowser;
			sourceTree = "<group>";
		};
		4B30721C18D59EFC00A77771 /* Supporting Files */ = {
			isa = PBXGroup;
			children = (
				4B30721D18D59EFC00A77771 /* InfoProjectLibBrowser-Info.plist */,
				4B30721E18D59EFC00A77771 /* InfoPlist.strings */,
				4B30722118D59EFC00A77771 /* main.m */,
				4B30722318D59EFC00A77771 /* InfoProjectLibBrowser-Prefix.pch */,
				4B96682118D5E2D100C94357 /* config.plist */,
			);
			name = "Supporting Files";
			sourceTree = "<group>";
		};
		4B30723A18D59EFC00A77771 /* InfoProjectLibBrowserTests */ = {
			isa = PBXGroup;
			children = (
				4B30724018D59EFC00A77771 /* InfoProjectLibBrowserTests.m */,
				4B30723B18D59EFC00A77771 /* Supporting Files */,
			);
			path = InfoProjectLibBrowserTests;
			sourceTree = "<group>";
		};
		4B30723B18D59EFC00A77771 /* Supporting Files */ = {
			isa = PBXGroup;
			children = (
				4B30723C18D59EFC00A77771 /* InfoProjectLibBrowserTests-Info.plist */,
				4B30723D18D59EFC00A77771 /* InfoPlist.strings */,
			);
			name = "Supporting Files";
			sourceTree = "<group>";
		};
		4B9667CC18D5A53700C94357 /* ViewControllers */ = {
			isa = PBXGroup;
			children = (
				4B9667CE18D5A59400C94357 /* iplbProjectListViewController.h */,
				4B9667CF18D5A59400C94357 /* iplbProjectListViewController.m */,
				4B96681518D5A62700C94357 /* iplbNewsListViewController.h */,
				4B96681618D5A62700C94357 /* iplbNewsListViewController.m */,
				4B3752EB18D749B500290BC5 /* iplbProjectDetailViewController.h */,
				4B3752EC18D749B500290BC5 /* iplbProjectDetailViewController.m */,
				4B89C2BA18DBC7B7009D4963 /* iplbNewsDetailViewController.h */,
				4B89C2BB18DBC7B7009D4963 /* iplbNewsDetailViewController.m */,
				4BAF6CF318DD884D0048BB66 /* iplbProjectCategoriesViewController.h */,
				4BAF6CF418DD884D0048BB66 /* iplbProjectCategoriesViewController.m */,
				4B8AD21218DEC748008707BF /* iplbUserLoginViewController.h */,
				4B8AD21318DEC748008707BF /* iplbUserLoginViewController.m */,
			);
			name = ViewControllers;
			sourceTree = "<group>";
		};
		4B9667CD18D5A54E00C94357 /* Resources */ = {
			isa = PBXGroup;
			children = (
				4B8208ED18E1CBE3009E4E0D /* Default@2x.png */,
				4B8208EE18E1CBE3009E4E0D /* Default-568h@2x.png */,
				4B96681818D5AB3F00C94357 /* news.png */,
				4B96681918D5AB3F00C94357 /* projects.png */,
			);
			name = Resources;
			sourceTree = "<group>";
		};
		4B96681D18D5C80700C94357 /* Models */ = {
			isa = PBXGroup;
			children = (
				4B7CDC1018D5A07400D6E4B2 /* iplbProjectDetail.h */,
				4B7CDC1118D5A07400D6E4B2 /* iplbProjectDetail.m */,
				4B96681E18D5D5DD00C94357 /* iplbProjectsRepository.h */,
				4B96681F18D5D5DD00C94357 /* iplbProjectsRepository.m */,
				4B96682618D5E3F000C94357 /* iplbConfiguration.h */,
				4B96682718D5E3F000C94357 /* iplbConfiguration.m */,
				4B89C2BD18DBC952009D4963 /* iplbNews.h */,
				4B89C2BE18DBC952009D4963 /* iplbNews.m */,
				4B89C2C018DBCEDF009D4963 /* iplbNewsRepository.h */,
				4B89C2C118DBCEDF009D4963 /* iplbNewsRepository.m */,
			);
			name = Models;
			sourceTree = "<group>";
		};
/* End PBXGroup section */

/* Begin PBXNativeTarget section */
		4B30721118D59EFC00A77771 /* InfoProjectLibBrowser */ = {
			isa = PBXNativeTarget;
			buildConfigurationList = 4B30724418D59EFC00A77771 /* Build configuration list for PBXNativeTarget "InfoProjectLibBrowser" */;
			buildPhases = (
				4B30720E18D59EFC00A77771 /* Sources */,
				4B30720F18D59EFC00A77771 /* Frameworks */,
				4B30721018D59EFC00A77771 /* Resources */,
			);
			buildRules = (
			);
			dependencies = (
			);
			name = InfoProjectLibBrowser;
			productName = InfoProjectLibBrowser;
			productReference = 4B30721218D59EFC00A77771 /* InfoProjectLibBrowser.app */;
			productType = "com.apple.product-type.application";
		};
		4B30723218D59EFC00A77771 /* InfoProjectLibBrowserTests */ = {
			isa = PBXNativeTarget;
			buildConfigurationList = 4B30724718D59EFC00A77771 /* Build configuration list for PBXNativeTarget "InfoProjectLibBrowserTests" */;
			buildPhases = (
				4B30722F18D59EFC00A77771 /* Sources */,
				4B30723018D59EFC00A77771 /* Frameworks */,
				4B30723118D59EFC00A77771 /* Resources */,
			);
			buildRules = (
			);
			dependencies = (
				4B30723918D59EFC00A77771 /* PBXTargetDependency */,
			);
			name = InfoProjectLibBrowserTests;
			productName = InfoProjectLibBrowserTests;
			productReference = 4B30723318D59EFC00A77771 /* InfoProjectLibBrowserTests.xctest */;
			productType = "com.apple.product-type.bundle.unit-test";
		};
/* End PBXNativeTarget section */

/* Begin PBXProject section */
		4B30720A18D59EFC00A77771 /* Project object */ = {
			isa = PBXProject;
			attributes = {
				CLASSPREFIX = iplb;
				LastUpgradeCheck = 0500;
				ORGANIZATIONNAME = com.xysoft;
				TargetAttributes = {
					4B30723218D59EFC00A77771 = {
						TestTargetID = 4B30721118D59EFC00A77771;
					};
				};
			};
			buildConfigurationList = 4B30720D18D59EFC00A77771 /* Build configuration list for PBXProject "InfoProjectLibBrowser" */;
			compatibilityVersion = "Xcode 3.2";
			developmentRegion = English;
			hasScannedForEncodings = 0;
			knownRegions = (
				en,
				Base,
			);
			mainGroup = 4B30720918D59EFC00A77771;
			productRefGroup = 4B30721318D59EFC00A77771 /* Products */;
			projectDirPath = "";
			projectRoot = "";
			targets = (
				4B30721118D59EFC00A77771 /* InfoProjectLibBrowser */,
				4B30723218D59EFC00A77771 /* InfoProjectLibBrowserTests */,
			);
		};
/* End PBXProject section */

/* Begin PBXResourcesBuildPhase section */
		4B30721018D59EFC00A77771 /* Resources */ = {
			isa = PBXResourcesBuildPhase;
			buildActionMask = 2147483647;
			files = (
				4B96681B18D5AB3F00C94357 /* projects.png in Resources */,
				4B96681A18D5AB3F00C94357 /* news.png in Resources */,
				4B96682218D5E2D100C94357 /* config.plist in Resources */,
				4B8208F018E1CBE3009E4E0D /* Default-568h@2x.png in Resources */,
				4B30722E18D59EFC00A77771 /* Images.xcassets in Resources */,
				4B30722018D59EFC00A77771 /* InfoPlist.strings in Resources */,
				4B30722918D59EFC00A77771 /* Main.storyboard in Resources */,
				4B8208EF18E1CBE3009E4E0D /* Default@2x.png in Resources */,
			);
			runOnlyForDeploymentPostprocessing = 0;
		};
		4B30723118D59EFC00A77771 /* Resources */ = {
			isa = PBXResourcesBuildPhase;
			buildActionMask = 2147483647;
			files = (
				4B30723F18D59EFC00A77771 /* InfoPlist.strings in Resources */,
			);
			runOnlyForDeploymentPostprocessing = 0;
		};
/* End PBXResourcesBuildPhase section */

/* Begin PBXSourcesBuildPhase section */
		4B30720E18D59EFC00A77771 /* Sources */ = {
			isa = PBXSourcesBuildPhase;
			buildActionMask = 2147483647;
			files = (
				4B8AD21418DEC748008707BF /* iplbUserLoginViewController.m in Sources */,
				4B96681718D5A62700C94357 /* iplbNewsListViewController.m in Sources */,
				4B89C2C218DBCEDF009D4963 /* iplbNewsRepository.m in Sources */,
				4B30722218D59EFC00A77771 /* main.m in Sources */,
				4B30722618D59EFC00A77771 /* iplbAppDelegate.m in Sources */,
				4B7CDC1218D5A07400D6E4B2 /* iplbProjectDetail.m in Sources */,
				4B89C2BC18DBC7B7009D4963 /* iplbNewsDetailViewController.m in Sources */,
				4B3752ED18D749B500290BC5 /* iplbProjectDetailViewController.m in Sources */,
				4BAF6CF518DD884D0048BB66 /* iplbProjectCategoriesViewController.m in Sources */,
				4B96682018D5D5DD00C94357 /* iplbProjectsRepository.m in Sources */,
				4B89C2BF18DBC952009D4963 /* iplbNews.m in Sources */,
				4B96682818D5E3F000C94357 /* iplbConfiguration.m in Sources */,
				4B9667D018D5A59400C94357 /* iplbProjectListViewController.m in Sources */,
			);
			runOnlyForDeploymentPostprocessing = 0;
		};
		4B30722F18D59EFC00A77771 /* Sources */ = {
			isa = PBXSourcesBuildPhase;
			buildActionMask = 2147483647;
			files = (
				4B30724118D59EFC00A77771 /* InfoProjectLibBrowserTests.m in Sources */,
			);
			runOnlyForDeploymentPostprocessing = 0;
		};
/* End PBXSourcesBuildPhase section */

/* Begin PBXTargetDependency section */
		4B30723918D59EFC00A77771 /* PBXTargetDependency */ = {
			isa = PBXTargetDependency;
			target = 4B30721118D59EFC00A77771 /* InfoProjectLibBrowser */;
			targetProxy = 4B30723818D59EFC00A77771 /* PBXContainerItemProxy */;
		};
/* End PBXTargetDependency section */

/* Begin PBXVariantGroup section */
		4B30721E18D59EFC00A77771 /* InfoPlist.strings */ = {
			isa = PBXVariantGroup;
			children = (
				4B30721F18D59EFC00A77771 /* en */,
			);
			name = InfoPlist.strings;
			sourceTree = "<group>";
		};
		4B30722718D59EFC00A77771 /* Main.storyboard */ = {
			isa = PBXVariantGroup;
			children = (
				4B30722818D59EFC00A77771 /* Base */,
			);
			name = Main.storyboard;
			sourceTree = "<group>";
		};
		4B30723D18D59EFC00A77771 /* InfoPlist.strings */ = {
			isa = PBXVariantGroup;
			children = (
				4B30723E18D59EFC00A77771 /* en */,
			);
			name = InfoPlist.strings;
			sourceTree = "<group>";
		};
/* End PBXVariantGroup section */

/* Begin XCBuildConfiguration section */
		4B30724218D59EFC00A77771 /* Debug */ = {
			isa = XCBuildConfiguration;
			buildSettings = {
				ALWAYS_SEARCH_USER_PATHS = NO;
				ARCHS = "$(ARCHS_STANDARD_INCLUDING_64_BIT)";
				CLANG_CXX_LANGUAGE_STANDARD = "gnu++0x";
				CLANG_CXX_LIBRARY = "libc++";
				CLANG_ENABLE_MODULES = YES;
				CLANG_ENABLE_OBJC_ARC = YES;
				CLANG_WARN_BOOL_CONVERSION = YES;
				CLANG_WARN_CONSTANT_CONVERSION = YES;
				CLANG_WARN_DIRECT_OBJC_ISA_USAGE = YES_ERROR;
				CLANG_WARN_EMPTY_BODY = YES;
				CLANG_WARN_ENUM_CONVERSION = YES;
				CLANG_WARN_INT_CONVERSION = YES;
				CLANG_WARN_OBJC_ROOT_CLASS = YES_ERROR;
				CLANG_WARN__DUPLICATE_METHOD_MATCH = YES;
				"CODE_SIGN_IDENTITY[sdk=iphoneos*]" = "iPhone Developer";
				COPY_PHASE_STRIP = NO;
				GCC_C_LANGUAGE_STANDARD = gnu99;
				GCC_DYNAMIC_NO_PIC = NO;
				GCC_OPTIMIZATION_LEVEL = 0;
				GCC_PREPROCESSOR_DEFINITIONS = (
					"DEBUG=1",
					"$(inherited)",
				);
				GCC_SYMBOLS_PRIVATE_EXTERN = NO;
				GCC_WARN_64_TO_32_BIT_CONVERSION = YES;
				GCC_WARN_ABOUT_RETURN_TYPE = YES_ERROR;
				GCC_WARN_UNDECLARED_SELECTOR = YES;
				GCC_WARN_UNINITIALIZED_AUTOS = YES;
				GCC_WARN_UNUSED_FUNCTION = YES;
				GCC_WARN_UNUSED_VARIABLE = YES;
				IPHONEOS_DEPLOYMENT_TARGET = 7.0;
				ONLY_ACTIVE_ARCH = YES;
				SDKROOT = iphoneos;
			};
			name = Debug;
		};
		4B30724318D59EFC00A77771 /* Release */ = {
			isa = XCBuildConfiguration;
			buildSettings = {
				ALWAYS_SEARCH_USER_PATHS = NO;
				ARCHS = "$(ARCHS_STANDARD_INCLUDING_64_BIT)";
				CLANG_CXX_LANGUAGE_STANDARD = "gnu++0x";
				CLANG_CXX_LIBRARY = "libc++";
				CLANG_ENABLE_MODULES = YES;
				CLANG_ENABLE_OBJC_ARC = YES;
				CLANG_WARN_BOOL_CONVERSION = YES;
				CLANG_WARN_CONSTANT_CONVERSION = YES;
				CLANG_WARN_DIRECT_OBJC_ISA_USAGE = YES_ERROR;
				CLANG_WARN_EMPTY_BODY = YES;
				CLANG_WARN_ENUM_CONVERSION = YES;
				CLANG_WARN_INT_CONVERSION = YES;
				CLANG_WARN_OBJC_ROOT_CLASS = YES_ERROR;
				CLANG_WARN__DUPLICATE_METHOD_MATCH = YES;
				"CODE_SIGN_IDENTITY[sdk=iphoneos*]" = "iPhone Developer";
				COPY_PHASE_STRIP = YES;
				ENABLE_NS_ASSERTIONS = NO;
				GCC_C_LANGUAGE_STANDARD = gnu99;
				GCC_WARN_64_TO_32_BIT_CONVERSION = YES;
				GCC_WARN_ABOUT_RETURN_TYPE = YES_ERROR;
				GCC_WARN_UNDECLARED_SELECTOR = YES;
				GCC_WARN_UNINITIALIZED_AUTOS = YES;
				GCC_WARN_UNUSED_FUNCTION = YES;
				GCC_WARN_UNUSED_VARIABLE = YES;
				IPHONEOS_DEPLOYMENT_TARGET = 7.0;
				SDKROOT = iphoneos;
				VALIDATE_PRODUCT = YES;
			};
			name = Release;
		};
		4B30724518D59EFC00A77771 /* Debug */ = {
			isa = XCBuildConfiguration;
			buildSettings = {
				ASSETCATALOG_COMPILER_APPICON_NAME = AppIcon;
				ASSETCATALOG_COMPILER_LAUNCHIMAGE_NAME = LaunchImage;
				GCC_PRECOMPILE_PREFIX_HEADER = YES;
				GCC_PREFIX_HEADER = "InfoProjectLibBrowser/InfoProjectLibBrowser-Prefix.pch";
				INFOPLIST_FILE = "InfoProjectLibBrowser/InfoProjectLibBrowser-Info.plist";
				PRODUCT_NAME = "$(TARGET_NAME)";
				WRAPPER_EXTENSION = app;
			};
			name = Debug;
		};
		4B30724618D59EFC00A77771 /* Release */ = {
			isa = XCBuildConfiguration;
			buildSettings = {
				ASSETCATALOG_COMPILER_APPICON_NAME = AppIcon;
				ASSETCATALOG_COMPILER_LAUNCHIMAGE_NAME = LaunchImage;
				GCC_PRECOMPILE_PREFIX_HEADER = YES;
				GCC_PREFIX_HEADER = "InfoProjectLibBrowser/InfoProjectLibBrowser-Prefix.pch";
				INFOPLIST_FILE = "InfoProjectLibBrowser/InfoProjectLibBrowser-Info.plist";
				PRODUCT_NAME = "$(TARGET_NAME)";
				WRAPPER_EXTENSION = app;
			};
			name = Release;
		};
		4B30724818D59EFC00A77771 /* Debug */ = {
			isa = XCBuildConfiguration;
			buildSettings = {
				ARCHS = "$(ARCHS_STANDARD_INCLUDING_64_BIT)";
				BUNDLE_LOADER = "$(BUILT_PRODUCTS_DIR)/InfoProjectLibBrowser.app/InfoProjectLibBrowser";
				FRAMEWORK_SEARCH_PATHS = (
					"$(SDKROOT)/Developer/Library/Frameworks",
					"$(inherited)",
					"$(DEVELOPER_FRAMEWORKS_DIR)",
				);
				GCC_PRECOMPILE_PREFIX_HEADER = YES;
				GCC_PREFIX_HEADER = "InfoProjectLibBrowser/InfoProjectLibBrowser-Prefix.pch";
				GCC_PREPROCESSOR_DEFINITIONS = (
					"DEBUG=1",
					"$(inherited)",
				);
				INFOPLIST_FILE = "InfoProjectLibBrowserTests/InfoProjectLibBrowserTests-Info.plist";
				PRODUCT_NAME = "$(TARGET_NAME)";
				TEST_HOST = "$(BUNDLE_LOADER)";
				WRAPPER_EXTENSION = xctest;
			};
			name = Debug;
		};
		4B30724918D59EFC00A77771 /* Release */ = {
			isa = XCBuildConfiguration;
			buildSettings = {
				ARCHS = "$(ARCHS_STANDARD_INCLUDING_64_BIT)";
				BUNDLE_LOADER = "$(BUILT_PRODUCTS_DIR)/InfoProjectLibBrowser.app/InfoProjectLibBrowser";
				FRAMEWORK_SEARCH_PATHS = (
					"$(SDKROOT)/Developer/Library/Frameworks",
					"$(inherited)",
					"$(DEVELOPER_FRAMEWORKS_DIR)",
				);
				GCC_PRECOMPILE_PREFIX_HEADER = YES;
				GCC_PREFIX_HEADER = "InfoProjectLibBrowser/InfoProjectLibBrowser-Prefix.pch";
				INFOPLIST_FILE = "InfoProjectLibBrowserTests/InfoProjectLibBrowserTests-Info.plist";
				PRODUCT_NAME = "$(TARGET_NAME)";
				TEST_HOST = "$(BUNDLE_LOADER)";
				WRAPPER_EXTENSION = xctest;
			};
			name = Release;
		};
/* End XCBuildConfiguration section */

/* Begin XCConfigurationList section */
		4B30720D18D59EFC00A77771 /* Build configuration list for PBXProject "InfoProjectLibBrowser" */ = {
			isa = XCConfigurationList;
			buildConfigurations = (
				4B30724218D59EFC00A77771 /* Debug */,
				4B30724318D59EFC00A77771 /* Release */,
			);
			defaultConfigurationIsVisible = 0;
			defaultConfigurationName = Release;
		};
		4B30724418D59EFC00A77771 /* Build configuration list for PBXNativeTarget "InfoProjectLibBrowser" */ = {
			isa = XCConfigurationList;
			buildConfigurations = (
				4B30724518D59EFC00A77771 /* Debug */,
				4B30724618D59EFC00A77771 /* Release */,
			);
			defaultConfigurationIsVisible = 0;
			defaultConfigurationName = Release;
		};
		4B30724718D59EFC00A77771 /* Build configuration list for PBXNativeTarget "InfoProjectLibBrowserTests" */ = {
			isa = XCConfigurationList;
			buildConfigurations = (
				4B30724818D59EFC00A77771 /* Debug */,
				4B30724918D59EFC00A77771 /* Release */,
			);
			defaultConfigurationIsVisible = 0;
			defaultConfigurationName = Release;
		};
/* End XCConfigurationList section */
	};
	rootObject = 4B30720A18D59EFC00A77771 /* Project object */;
}
